// !$*UTF8*$!
{
	archiveVersion = 1;
	classes = {
	};
	objectVersion = 46;
	objects = {

/* Begin PBXAggregateTarget section */
		A06CE42A1D489AB600E9EBEC /* Documentation */ = {
			isa = PBXAggregateTarget;
			buildConfigurationList = A06CE42D1D489AB600E9EBEC /* Build configuration list for PBXAggregateTarget "Documentation" */;
			buildPhases = (
				A06CE42E1D489ABB00E9EBEC /* ShellScript */,
			);
			dependencies = (
			);
			name = Documentation;
			productName = Documentation;
		};
		A0A754CE1CEB909600D6D516 /* BuildFatFramework */ = {
			isa = PBXAggregateTarget;
			buildConfigurationList = A0A754D11CEB909600D6D516 /* Build configuration list for PBXAggregateTarget "BuildFatFramework" */;
			buildPhases = (
				A0A754D21CEB909900D6D516 /* ShellScript */,
			);
			dependencies = (
			);
			name = BuildFatFramework;
			productName = BuildFatFramework;
		};
/* End PBXAggregateTarget section */

/* Begin PBXBuildFile section */
		0B595F811D25BC06002779B7 /* IBAVPlayer.h in Headers */ = {isa = PBXBuildFile; fileRef = 0B595F7F1D25BC06002779B7 /* IBAVPlayer.h */; };
		0B595F821D25BC06002779B7 /* IBAVPlayer.m in Sources */ = {isa = PBXBuildFile; fileRef = 0B595F801D25BC06002779B7 /* IBAVPlayer.m */; };
		0BBF96341D4171F7006DCDE9 /* IBConstants.h in Headers */ = {isa = PBXBuildFile; fileRef = 0BBF96321D4171F7006DCDE9 /* IBConstants.h */; };
		0BEFEB0F1CFF199B0034A18B /* OpenTokNetworkTest.h in Headers */ = {isa = PBXBuildFile; fileRef = 0BEFEB0D1CFF199B0034A18B /* OpenTokNetworkTest.h */; };
		0BEFEB101CFF199B0034A18B /* OpenTokNetworkTest.m in Sources */ = {isa = PBXBuildFile; fileRef = 0BEFEB0E1CFF199B0034A18B /* OpenTokNetworkTest.m */; };
		0BEFEB161D00F2730034A18B /* IBDateFormatterTests.m in Sources */ = {isa = PBXBuildFile; fileRef = 0BEFEB151D00F2730034A18B /* IBDateFormatterTests.m */; };
		A00231A91D00C23B007905CC /* IBUserTests.m in Sources */ = {isa = PBXBuildFile; fileRef = A00231A81D00C23B007905CC /* IBUserTests.m */; };
		A00231AB1D00C42B007905CC /* IBEventTests.m in Sources */ = {isa = PBXBuildFile; fileRef = A00231AA1D00C42B007905CC /* IBEventTests.m */; };
		A00231AD1D00C446007905CC /* IBApiTests.m in Sources */ = {isa = PBXBuildFile; fileRef = A00231AC1D00C446007905CC /* IBApiTests.m */; };
		A00231AF1D00C45D007905CC /* OpenTokNetworkTests.m in Sources */ = {isa = PBXBuildFile; fileRef = A00231AE1D00C45D007905CC /* OpenTokNetworkTests.m */; };
		A00231B11D00C4A7007905CC /* OpenTokManager.m in Sources */ = {isa = PBXBuildFile; fileRef = A00231B01D00C4A7007905CC /* OpenTokManager.m */; };
		A0156FD51CEE60A50009FBEF /* PerformSelectorWithDebounce.h in Headers */ = {isa = PBXBuildFile; fileRef = A0156FD01CEE60A50009FBEF /* PerformSelectorWithDebounce.h */; };
		A0156FD61CEE60A50009FBEF /* PerformSelectorWithDebounce.m in Sources */ = {isa = PBXBuildFile; fileRef = A0156FD11CEE60A50009FBEF /* PerformSelectorWithDebounce.m */; };
		A0156FD71CEE60A50009FBEF /* UIColor+AppAdditions.h in Headers */ = {isa = PBXBuildFile; fileRef = A0156FD21CEE60A50009FBEF /* UIColor+AppAdditions.h */; };
		A0156FD81CEE60A50009FBEF /* UIColor+AppAdditions.m in Sources */ = {isa = PBXBuildFile; fileRef = A0156FD31CEE60A50009FBEF /* UIColor+AppAdditions.m */; };
		A0156FD91CEE60A50009FBEF /* IBKit.h in Headers */ = {isa = PBXBuildFile; fileRef = A0156FD41CEE60A50009FBEF /* IBKit.h */; settings = {ATTRIBUTES = (Public, ); }; };
		A01E44171CF75C1B00D20CFA /* EventView.h in Headers */ = {isa = PBXBuildFile; fileRef = A01E44121CF75C1B00D20CFA /* EventView.h */; };
		A01E44181CF75C1B00D20CFA /* EventView.m in Sources */ = {isa = PBXBuildFile; fileRef = A01E44131CF75C1B00D20CFA /* EventView.m */; };
		A01E44191CF75C1B00D20CFA /* EventViewController.h in Headers */ = {isa = PBXBuildFile; fileRef = A01E44141CF75C1B00D20CFA /* EventViewController.h */; settings = {ATTRIBUTES = (Public, ); }; };
		A01E441A1CF75C1B00D20CFA /* EventViewController.m in Sources */ = {isa = PBXBuildFile; fileRef = A01E44151CF75C1B00D20CFA /* EventViewController.m */; };
		A01E441B1CF75C1B00D20CFA /* EventViewController.xib in Resources */ = {isa = PBXBuildFile; fileRef = A01E44161CF75C1B00D20CFA /* EventViewController.xib */; };
		A01E443D1CF75CDA00D20CFA /* IBDateFormatter.h in Headers */ = {isa = PBXBuildFile; fileRef = A01E443B1CF75CDA00D20CFA /* IBDateFormatter.h */; };
		A01E443E1CF75CDA00D20CFA /* IBDateFormatter.m in Sources */ = {isa = PBXBuildFile; fileRef = A01E443C1CF75CDA00D20CFA /* IBDateFormatter.m */; };
		A01E44501CF7602B00D20CFA /* DotSpinnerViewController.h in Headers */ = {isa = PBXBuildFile; fileRef = A01E44411CF7602B00D20CFA /* DotSpinnerViewController.h */; };
		A01E44511CF7602B00D20CFA /* DotSpinnerViewController.m in Sources */ = {isa = PBXBuildFile; fileRef = A01E44421CF7602B00D20CFA /* DotSpinnerViewController.m */; };
		A01E44521CF7602B00D20CFA /* DotSpinnerViewController.xib in Resources */ = {isa = PBXBuildFile; fileRef = A01E44431CF7602B00D20CFA /* DotSpinnerViewController.xib */; };
		A01E44531CF7602B00D20CFA /* OTDefaultAudioDevice.h in Headers */ = {isa = PBXBuildFile; fileRef = A01E44451CF7602B00D20CFA /* OTDefaultAudioDevice.h */; };
		A01E44541CF7602B00D20CFA /* OTDefaultAudioDevice.m in Sources */ = {isa = PBXBuildFile; fileRef = A01E44461CF7602B00D20CFA /* OTDefaultAudioDevice.m */; };
		A01E44571CF7602B00D20CFA /* OTKTextChatComponent.h in Headers */ = {isa = PBXBuildFile; fileRef = A01E444A1CF7602B00D20CFA /* OTKTextChatComponent.h */; };
		A01E44581CF7602B00D20CFA /* OTKTextChatComponent.m in Sources */ = {isa = PBXBuildFile; fileRef = A01E444B1CF7602B00D20CFA /* OTKTextChatComponent.m */; };
		A01E44591CF7602B00D20CFA /* OTKTextChatTableViewCell.h in Headers */ = {isa = PBXBuildFile; fileRef = A01E444C1CF7602B00D20CFA /* OTKTextChatTableViewCell.h */; };
		A01E445A1CF7602B00D20CFA /* OTKTextChatTableViewCell.m in Sources */ = {isa = PBXBuildFile; fileRef = A01E444D1CF7602B00D20CFA /* OTKTextChatTableViewCell.m */; };
		A01E445B1CF7602B00D20CFA /* OTKTextChatView.h in Headers */ = {isa = PBXBuildFile; fileRef = A01E444E1CF7602B00D20CFA /* OTKTextChatView.h */; };
		A01E445C1CF7602B00D20CFA /* OTKTextChatView.m in Sources */ = {isa = PBXBuildFile; fileRef = A01E444F1CF7602B00D20CFA /* OTKTextChatView.m */; };
		A01E445F1CF7837D00D20CFA /* UIView+Category.h in Headers */ = {isa = PBXBuildFile; fileRef = A01E445D1CF7837D00D20CFA /* UIView+Category.h */; };
		A01E44601CF7837D00D20CFA /* UIView+Category.m in Sources */ = {isa = PBXBuildFile; fileRef = A01E445E1CF7837D00D20CFA /* UIView+Category.m */; };
		A01E44631CF7968200D20CFA /* UIImageView+Category.h in Headers */ = {isa = PBXBuildFile; fileRef = A01E44611CF7968200D20CFA /* UIImageView+Category.h */; };
		A01E44641CF7968200D20CFA /* UIImageView+Category.m in Sources */ = {isa = PBXBuildFile; fileRef = A01E44621CF7968200D20CFA /* UIImageView+Category.m */; };
		A022F6051CF60D83008E8C70 /* EventCell.h in Headers */ = {isa = PBXBuildFile; fileRef = A022F5FD1CF60D83008E8C70 /* EventCell.h */; };
		A022F6061CF60D83008E8C70 /* EventCell.m in Sources */ = {isa = PBXBuildFile; fileRef = A022F5FE1CF60D83008E8C70 /* EventCell.m */; };
		A022F6071CF60D83008E8C70 /* EventCell.xib in Resources */ = {isa = PBXBuildFile; fileRef = A022F5FF1CF60D83008E8C70 /* EventCell.xib */; };
		A022F6081CF60D83008E8C70 /* EventsView.h in Headers */ = {isa = PBXBuildFile; fileRef = A022F6001CF60D83008E8C70 /* EventsView.h */; };
		A022F6091CF60D83008E8C70 /* EventsView.m in Sources */ = {isa = PBXBuildFile; fileRef = A022F6011CF60D83008E8C70 /* EventsView.m */; };
		A022F60A1CF60D83008E8C70 /* EventsViewController.h in Headers */ = {isa = PBXBuildFile; fileRef = A022F6021CF60D83008E8C70 /* EventsViewController.h */; settings = {ATTRIBUTES = (Public, ); }; };
		A022F60B1CF60D83008E8C70 /* EventsViewController.m in Sources */ = {isa = PBXBuildFile; fileRef = A022F6031CF60D83008E8C70 /* EventsViewController.m */; };
		A022F60C1CF60D83008E8C70 /* EventsViewController.xib in Resources */ = {isa = PBXBuildFile; fileRef = A022F6041CF60D83008E8C70 /* EventsViewController.xib */; };
		A067F3651D0A904F0015CD22 /* JSONTest.m in Sources */ = {isa = PBXBuildFile; fileRef = A067F3641D0A904F0015CD22 /* JSONTest.m */; };
		A06CE4321D4933B700E9EBEC /* IBApi_Internal.h in Headers */ = {isa = PBXBuildFile; fileRef = A06CE4311D4933B700E9EBEC /* IBApi_Internal.h */; };
		A06CE4341D4934D000E9EBEC /* IBEvent_Internal.h in Headers */ = {isa = PBXBuildFile; fileRef = A06CE4331D4934D000E9EBEC /* IBEvent_Internal.h */; };
		A08D96C61CF7C79200877619 /* IBEvent.h in Headers */ = {isa = PBXBuildFile; fileRef = A08D96C41CF7C79200877619 /* IBEvent.h */; settings = {ATTRIBUTES = (Public, ); }; };
		A08D96C71CF7C79200877619 /* IBEvent.m in Sources */ = {isa = PBXBuildFile; fileRef = A08D96C51CF7C79200877619 /* IBEvent.m */; };
		A08D96D91CF8DCB200877619 /* IBKit.framework in Frameworks */ = {isa = PBXBuildFile; fileRef = A0C526391CEAD2E000706104 /* IBKit.framework */; };
		A08D96E71CFE36E800877619 /* JSON.h in Headers */ = {isa = PBXBuildFile; fileRef = A08D96E51CFE36E800877619 /* JSON.h */; };
		A08D96E81CFE36E800877619 /* JSON.m in Sources */ = {isa = PBXBuildFile; fileRef = A08D96E61CFE36E800877619 /* JSON.m */; };
		A08D96ED1CFE36F400877619 /* OpenTokManager.h in Headers */ = {isa = PBXBuildFile; fileRef = A08D96EA1CFE36F400877619 /* OpenTokManager.h */; };
		A08D96EE1CFE36F400877619 /* OpenTokManager.m in Sources */ = {isa = PBXBuildFile; fileRef = A08D96EB1CFE36F400877619 /* OpenTokManager.m */; };
		A0A8A52E1CFF7F2F00A9EB4B /* IBUser.h in Headers */ = {isa = PBXBuildFile; fileRef = A0A8A52C1CFF7F2F00A9EB4B /* IBUser.h */; settings = {ATTRIBUTES = (Public, ); }; };
		A0A8A52F1CFF7F2F00A9EB4B /* IBUser.m in Sources */ = {isa = PBXBuildFile; fileRef = A0A8A52D1CFF7F2F00A9EB4B /* IBUser.m */; };
		A0C5261F1CEAD2D400706104 /* main.m in Sources */ = {isa = PBXBuildFile; fileRef = A0C5261E1CEAD2D400706104 /* main.m */; };
		A0C526221CEAD2D400706104 /* AppDelegate.m in Sources */ = {isa = PBXBuildFile; fileRef = A0C526211CEAD2D400706104 /* AppDelegate.m */; };
		A0C5262A1CEAD2D400706104 /* Assets.xcassets in Resources */ = {isa = PBXBuildFile; fileRef = A0C526291CEAD2D400706104 /* Assets.xcassets */; };
		A0C5262D1CEAD2D400706104 /* LaunchScreen.storyboard in Resources */ = {isa = PBXBuildFile; fileRef = A0C5262B1CEAD2D400706104 /* LaunchScreen.storyboard */; };
		A0C526401CEAD2E000706104 /* IBKit.framework in Frameworks */ = {isa = PBXBuildFile; fileRef = A0C526391CEAD2E000706104 /* IBKit.framework */; };
		A0C526411CEAD2E000706104 /* IBKit.framework in Embed Frameworks */ = {isa = PBXBuildFile; fileRef = A0C526391CEAD2E000706104 /* IBKit.framework */; settings = {ATTRIBUTES = (CodeSignOnCopy, RemoveHeadersOnCopy, ); }; };
		A0C5264A1CEAD30C00706104 /* CustomEventsViewController.m in Sources */ = {isa = PBXBuildFile; fileRef = A0C526471CEAD30C00706104 /* CustomEventsViewController.m */; };
		A0C5264B1CEAD30C00706104 /* ViewController.m in Sources */ = {isa = PBXBuildFile; fileRef = A0C526491CEAD30C00706104 /* ViewController.m */; };
		A0C5267D1CEAD35A00706104 /* IBApi.h in Headers */ = {isa = PBXBuildFile; fileRef = A0C526561CEAD35A00706104 /* IBApi.h */; settings = {ATTRIBUTES = (Public, ); }; };
		A0C5267E1CEAD35A00706104 /* IBApi.m in Sources */ = {isa = PBXBuildFile; fileRef = A0C526571CEAD35A00706104 /* IBApi.m */; };
		A0C526BC1CEAD36800706104 /* bg-graphic.png in Resources */ = {isa = PBXBuildFile; fileRef = A0C5269B1CEAD36800706104 /* bg-graphic.png */; };
		A0C526CD1CEAD36800706104 /* Montserrat-Bold.ttf in Resources */ = {isa = PBXBuildFile; fileRef = A0C526AC1CEAD36800706104 /* Montserrat-Bold.ttf */; };
		A0C526CE1CEAD36800706104 /* Montserrat-Regular.ttf in Resources */ = {isa = PBXBuildFile; fileRef = A0C526AD1CEAD36800706104 /* Montserrat-Regular.ttf */; };
		A0C526CF1CEAD36800706104 /* OTKTextChatComponent.xib in Resources */ = {isa = PBXBuildFile; fileRef = A0C526AE1CEAD36800706104 /* OTKTextChatComponent.xib */; };
		A0C526D01CEAD36800706104 /* OTKTextChatDivTableViewCell.xib in Resources */ = {isa = PBXBuildFile; fileRef = A0C526AF1CEAD36800706104 /* OTKTextChatDivTableViewCell.xib */; };
		A0C526D11CEAD36800706104 /* OTKTextChatRecvShortTableViewCell.xib in Resources */ = {isa = PBXBuildFile; fileRef = A0C526B01CEAD36800706104 /* OTKTextChatRecvShortTableViewCell.xib */; };
		A0C526D21CEAD36800706104 /* OTKTextChatRecvTableViewCell.xib in Resources */ = {isa = PBXBuildFile; fileRef = A0C526B11CEAD36800706104 /* OTKTextChatRecvTableViewCell.xib */; };
		A0C526D31CEAD36800706104 /* OTKTextChatSentShortTableViewCell.xib in Resources */ = {isa = PBXBuildFile; fileRef = A0C526B21CEAD36800706104 /* OTKTextChatSentShortTableViewCell.xib */; };
		A0C526D41CEAD36800706104 /* OTKTextChatSentTableViewCell.xib in Resources */ = {isa = PBXBuildFile; fileRef = A0C526B31CEAD36800706104 /* OTKTextChatSentTableViewCell.xib */; };
		A0C526D91CEAD36800706104 /* SpotlightAssets.xcassets in Resources */ = {isa = PBXBuildFile; fileRef = A0C526B81CEAD36800706104 /* SpotlightAssets.xcassets */; };
		A0C526DB1CEAD3D500706104 /* CustomEventsCell.xib in Resources */ = {isa = PBXBuildFile; fileRef = A0C526DA1CEAD3D500706104 /* CustomEventsCell.xib */; };
		A0C526DE1CEAD40100706104 /* Main.storyboard in Resources */ = {isa = PBXBuildFile; fileRef = A0C526DC1CEAD40100706104 /* Main.storyboard */; };
		A0F6DAFE1E67C8AE007729B4 /* Podfile in Resources */ = {isa = PBXBuildFile; fileRef = A0F6DAFD1E67C8AE007729B4 /* Podfile */; };
/* End PBXBuildFile section */

/* Begin PBXContainerItemProxy section */
		A08D96DA1CF8DCB200877619 /* PBXContainerItemProxy */ = {
			isa = PBXContainerItemProxy;
			containerPortal = A0C526121CEAD2D400706104 /* Project object */;
			proxyType = 1;
			remoteGlobalIDString = A0C526381CEAD2E000706104;
			remoteInfo = IBKit;
		};
		A0C5263E1CEAD2E000706104 /* PBXContainerItemProxy */ = {
			isa = PBXContainerItemProxy;
			containerPortal = A0C526121CEAD2D400706104 /* Project object */;
			proxyType = 1;
			remoteGlobalIDString = A0C526381CEAD2E000706104;
			remoteInfo = IBKit;
		};
/* End PBXContainerItemProxy section */

/* Begin PBXCopyFilesBuildPhase section */
		A0C526451CEAD2E000706104 /* Embed Frameworks */ = {
			isa = PBXCopyFilesBuildPhase;
			buildActionMask = 2147483647;
			dstPath = "";
			dstSubfolderSpec = 10;
			files = (
				A0C526411CEAD2E000706104 /* IBKit.framework in Embed Frameworks */,
			);
			name = "Embed Frameworks";
			runOnlyForDeploymentPostprocessing = 0;
		};
/* End PBXCopyFilesBuildPhase section */

/* Begin PBXFileReference section */
		0B595F7F1D25BC06002779B7 /* IBAVPlayer.h */ = {isa = PBXFileReference; fileEncoding = 4; lastKnownFileType = sourcecode.c.h; path = IBAVPlayer.h; sourceTree = "<group>"; };
		0B595F801D25BC06002779B7 /* IBAVPlayer.m */ = {isa = PBXFileReference; fileEncoding = 4; lastKnownFileType = sourcecode.c.objc; path = IBAVPlayer.m; sourceTree = "<group>"; };
		0BBF96321D4171F7006DCDE9 /* IBConstants.h */ = {isa = PBXFileReference; fileEncoding = 4; lastKnownFileType = sourcecode.c.h; path = IBConstants.h; sourceTree = "<group>"; };
		0BEFEB0D1CFF199B0034A18B /* OpenTokNetworkTest.h */ = {isa = PBXFileReference; fileEncoding = 4; lastKnownFileType = sourcecode.c.h; path = OpenTokNetworkTest.h; sourceTree = "<group>"; };
		0BEFEB0E1CFF199B0034A18B /* OpenTokNetworkTest.m */ = {isa = PBXFileReference; fileEncoding = 4; lastKnownFileType = sourcecode.c.objc; path = OpenTokNetworkTest.m; sourceTree = "<group>"; };
		0BEFEB151D00F2730034A18B /* IBDateFormatterTests.m */ = {isa = PBXFileReference; fileEncoding = 4; lastKnownFileType = sourcecode.c.objc; path = IBDateFormatterTests.m; sourceTree = "<group>"; };
		A002319C1CFFF442007905CC /* Info.plist */ = {isa = PBXFileReference; fileEncoding = 4; lastKnownFileType = text.plist.xml; path = Info.plist; sourceTree = "<group>"; };
		A00231A81D00C23B007905CC /* IBUserTests.m */ = {isa = PBXFileReference; fileEncoding = 4; lastKnownFileType = sourcecode.c.objc; path = IBUserTests.m; sourceTree = "<group>"; };
		A00231AA1D00C42B007905CC /* IBEventTests.m */ = {isa = PBXFileReference; fileEncoding = 4; lastKnownFileType = sourcecode.c.objc; path = IBEventTests.m; sourceTree = "<group>"; };
		A00231AC1D00C446007905CC /* IBApiTests.m */ = {isa = PBXFileReference; fileEncoding = 4; lastKnownFileType = sourcecode.c.objc; path = IBApiTests.m; sourceTree = "<group>"; };
		A00231AE1D00C45D007905CC /* OpenTokNetworkTests.m */ = {isa = PBXFileReference; fileEncoding = 4; lastKnownFileType = sourcecode.c.objc; path = OpenTokNetworkTests.m; sourceTree = "<group>"; };
		A00231B01D00C4A7007905CC /* OpenTokManager.m */ = {isa = PBXFileReference; fileEncoding = 4; lastKnownFileType = sourcecode.c.objc; path = OpenTokManager.m; sourceTree = "<group>"; };
		A00231B21D010FEA007905CC /* IBEventsViewControllerTests.m */ = {isa = PBXFileReference; fileEncoding = 4; lastKnownFileType = sourcecode.c.objc; path = IBEventsViewControllerTests.m; sourceTree = "<group>"; };
		A00231B61D01102A007905CC /* IBEventViewControllerTests.m */ = {isa = PBXFileReference; fileEncoding = 4; lastKnownFileType = sourcecode.c.objc; path = IBEventViewControllerTests.m; sourceTree = "<group>"; };
		A0156FD01CEE60A50009FBEF /* PerformSelectorWithDebounce.h */ = {isa = PBXFileReference; fileEncoding = 4; lastKnownFileType = sourcecode.c.h; path = PerformSelectorWithDebounce.h; sourceTree = "<group>"; };
		A0156FD11CEE60A50009FBEF /* PerformSelectorWithDebounce.m */ = {isa = PBXFileReference; fileEncoding = 4; lastKnownFileType = sourcecode.c.objc; path = PerformSelectorWithDebounce.m; sourceTree = "<group>"; };
		A0156FD21CEE60A50009FBEF /* UIColor+AppAdditions.h */ = {isa = PBXFileReference; fileEncoding = 4; lastKnownFileType = sourcecode.c.h; path = "UIColor+AppAdditions.h"; sourceTree = "<group>"; };
		A0156FD31CEE60A50009FBEF /* UIColor+AppAdditions.m */ = {isa = PBXFileReference; fileEncoding = 4; lastKnownFileType = sourcecode.c.objc; path = "UIColor+AppAdditions.m"; sourceTree = "<group>"; };
		A0156FD41CEE60A50009FBEF /* IBKit.h */ = {isa = PBXFileReference; fileEncoding = 4; lastKnownFileType = sourcecode.c.h; path = IBKit.h; sourceTree = "<group>"; };
		A01E44121CF75C1B00D20CFA /* EventView.h */ = {isa = PBXFileReference; fileEncoding = 4; lastKnownFileType = sourcecode.c.h; path = EventView.h; sourceTree = "<group>"; };
		A01E44131CF75C1B00D20CFA /* EventView.m */ = {isa = PBXFileReference; fileEncoding = 4; lastKnownFileType = sourcecode.c.objc; path = EventView.m; sourceTree = "<group>"; };
		A01E44141CF75C1B00D20CFA /* EventViewController.h */ = {isa = PBXFileReference; fileEncoding = 4; lastKnownFileType = sourcecode.c.h; path = EventViewController.h; sourceTree = "<group>"; };
		A01E44151CF75C1B00D20CFA /* EventViewController.m */ = {isa = PBXFileReference; fileEncoding = 4; lastKnownFileType = sourcecode.c.objc; path = EventViewController.m; sourceTree = "<group>"; };
		A01E44161CF75C1B00D20CFA /* EventViewController.xib */ = {isa = PBXFileReference; fileEncoding = 4; lastKnownFileType = file.xib; path = EventViewController.xib; sourceTree = "<group>"; };
		A01E443B1CF75CDA00D20CFA /* IBDateFormatter.h */ = {isa = PBXFileReference; fileEncoding = 4; lastKnownFileType = sourcecode.c.h; path = IBDateFormatter.h; sourceTree = "<group>"; };
		A01E443C1CF75CDA00D20CFA /* IBDateFormatter.m */ = {isa = PBXFileReference; fileEncoding = 4; lastKnownFileType = sourcecode.c.objc; path = IBDateFormatter.m; sourceTree = "<group>"; };
		A01E44411CF7602B00D20CFA /* DotSpinnerViewController.h */ = {isa = PBXFileReference; fileEncoding = 4; lastKnownFileType = sourcecode.c.h; path = DotSpinnerViewController.h; sourceTree = "<group>"; };
		A01E44421CF7602B00D20CFA /* DotSpinnerViewController.m */ = {isa = PBXFileReference; fileEncoding = 4; lastKnownFileType = sourcecode.c.objc; path = DotSpinnerViewController.m; sourceTree = "<group>"; };
		A01E44431CF7602B00D20CFA /* DotSpinnerViewController.xib */ = {isa = PBXFileReference; fileEncoding = 4; lastKnownFileType = file.xib; path = DotSpinnerViewController.xib; sourceTree = "<group>"; };
		A01E44451CF7602B00D20CFA /* OTDefaultAudioDevice.h */ = {isa = PBXFileReference; fileEncoding = 4; lastKnownFileType = sourcecode.c.h; path = OTDefaultAudioDevice.h; sourceTree = "<group>"; };
		A01E44461CF7602B00D20CFA /* OTDefaultAudioDevice.m */ = {isa = PBXFileReference; fileEncoding = 4; lastKnownFileType = sourcecode.c.objc; path = OTDefaultAudioDevice.m; sourceTree = "<group>"; };
		A01E444A1CF7602B00D20CFA /* OTKTextChatComponent.h */ = {isa = PBXFileReference; fileEncoding = 4; lastKnownFileType = sourcecode.c.h; path = OTKTextChatComponent.h; sourceTree = "<group>"; };
		A01E444B1CF7602B00D20CFA /* OTKTextChatComponent.m */ = {isa = PBXFileReference; fileEncoding = 4; lastKnownFileType = sourcecode.c.objc; path = OTKTextChatComponent.m; sourceTree = "<group>"; };
		A01E444C1CF7602B00D20CFA /* OTKTextChatTableViewCell.h */ = {isa = PBXFileReference; fileEncoding = 4; lastKnownFileType = sourcecode.c.h; path = OTKTextChatTableViewCell.h; sourceTree = "<group>"; };
		A01E444D1CF7602B00D20CFA /* OTKTextChatTableViewCell.m */ = {isa = PBXFileReference; fileEncoding = 4; lastKnownFileType = sourcecode.c.objc; path = OTKTextChatTableViewCell.m; sourceTree = "<group>"; };
		A01E444E1CF7602B00D20CFA /* OTKTextChatView.h */ = {isa = PBXFileReference; fileEncoding = 4; lastKnownFileType = sourcecode.c.h; path = OTKTextChatView.h; sourceTree = "<group>"; };
		A01E444F1CF7602B00D20CFA /* OTKTextChatView.m */ = {isa = PBXFileReference; fileEncoding = 4; lastKnownFileType = sourcecode.c.objc; path = OTKTextChatView.m; sourceTree = "<group>"; };
		A01E445D1CF7837D00D20CFA /* UIView+Category.h */ = {isa = PBXFileReference; fileEncoding = 4; lastKnownFileType = sourcecode.c.h; path = "UIView+Category.h"; sourceTree = "<group>"; };
		A01E445E1CF7837D00D20CFA /* UIView+Category.m */ = {isa = PBXFileReference; fileEncoding = 4; lastKnownFileType = sourcecode.c.objc; path = "UIView+Category.m"; sourceTree = "<group>"; };
		A01E44611CF7968200D20CFA /* UIImageView+Category.h */ = {isa = PBXFileReference; fileEncoding = 4; lastKnownFileType = sourcecode.c.h; path = "UIImageView+Category.h"; sourceTree = "<group>"; };
		A01E44621CF7968200D20CFA /* UIImageView+Category.m */ = {isa = PBXFileReference; fileEncoding = 4; lastKnownFileType = sourcecode.c.objc; path = "UIImageView+Category.m"; sourceTree = "<group>"; };
		A022F5FD1CF60D83008E8C70 /* EventCell.h */ = {isa = PBXFileReference; fileEncoding = 4; lastKnownFileType = sourcecode.c.h; path = EventCell.h; sourceTree = "<group>"; };
		A022F5FE1CF60D83008E8C70 /* EventCell.m */ = {isa = PBXFileReference; fileEncoding = 4; lastKnownFileType = sourcecode.c.objc; path = EventCell.m; sourceTree = "<group>"; };
		A022F5FF1CF60D83008E8C70 /* EventCell.xib */ = {isa = PBXFileReference; fileEncoding = 4; lastKnownFileType = file.xib; path = EventCell.xib; sourceTree = "<group>"; };
		A022F6001CF60D83008E8C70 /* EventsView.h */ = {isa = PBXFileReference; fileEncoding = 4; lastKnownFileType = sourcecode.c.h; path = EventsView.h; sourceTree = "<group>"; };
		A022F6011CF60D83008E8C70 /* EventsView.m */ = {isa = PBXFileReference; fileEncoding = 4; lastKnownFileType = sourcecode.c.objc; path = EventsView.m; sourceTree = "<group>"; };
		A022F6021CF60D83008E8C70 /* EventsViewController.h */ = {isa = PBXFileReference; fileEncoding = 4; lastKnownFileType = sourcecode.c.h; path = EventsViewController.h; sourceTree = "<group>"; };
		A022F6031CF60D83008E8C70 /* EventsViewController.m */ = {isa = PBXFileReference; fileEncoding = 4; lastKnownFileType = sourcecode.c.objc; path = EventsViewController.m; sourceTree = "<group>"; };
		A022F6041CF60D83008E8C70 /* EventsViewController.xib */ = {isa = PBXFileReference; fileEncoding = 4; lastKnownFileType = file.xib; path = EventsViewController.xib; sourceTree = "<group>"; };
		A067F3641D0A904F0015CD22 /* JSONTest.m */ = {isa = PBXFileReference; fileEncoding = 4; lastKnownFileType = sourcecode.c.objc; path = JSONTest.m; sourceTree = "<group>"; };
		A06CE4311D4933B700E9EBEC /* IBApi_Internal.h */ = {isa = PBXFileReference; fileEncoding = 4; lastKnownFileType = sourcecode.c.h; path = IBApi_Internal.h; sourceTree = "<group>"; };
		A06CE4331D4934D000E9EBEC /* IBEvent_Internal.h */ = {isa = PBXFileReference; fileEncoding = 4; lastKnownFileType = sourcecode.c.h; path = IBEvent_Internal.h; sourceTree = "<group>"; };
		A08D96C41CF7C79200877619 /* IBEvent.h */ = {isa = PBXFileReference; fileEncoding = 4; lastKnownFileType = sourcecode.c.h; path = IBEvent.h; sourceTree = "<group>"; };
		A08D96C51CF7C79200877619 /* IBEvent.m */ = {isa = PBXFileReference; fileEncoding = 4; lastKnownFileType = sourcecode.c.objc; path = IBEvent.m; sourceTree = "<group>"; };
		A08D96D41CF8DCB200877619 /* IBKitTests.xctest */ = {isa = PBXFileReference; explicitFileType = wrapper.cfbundle; includeInIndex = 0; path = IBKitTests.xctest; sourceTree = BUILT_PRODUCTS_DIR; };
		A08D96D81CF8DCB200877619 /* Info.plist */ = {isa = PBXFileReference; lastKnownFileType = text.plist.xml; path = Info.plist; sourceTree = "<group>"; };
		A08D96E51CFE36E800877619 /* JSON.h */ = {isa = PBXFileReference; fileEncoding = 4; lastKnownFileType = sourcecode.c.h; path = JSON.h; sourceTree = "<group>"; };
		A08D96E61CFE36E800877619 /* JSON.m */ = {isa = PBXFileReference; fileEncoding = 4; lastKnownFileType = sourcecode.c.objc; path = JSON.m; sourceTree = "<group>"; };
		A08D96EA1CFE36F400877619 /* OpenTokManager.h */ = {isa = PBXFileReference; fileEncoding = 4; lastKnownFileType = sourcecode.c.h; path = OpenTokManager.h; sourceTree = "<group>"; };
		A08D96EB1CFE36F400877619 /* OpenTokManager.m */ = {isa = PBXFileReference; fileEncoding = 4; lastKnownFileType = sourcecode.c.objc; path = OpenTokManager.m; sourceTree = "<group>"; };
		A0A8A52C1CFF7F2F00A9EB4B /* IBUser.h */ = {isa = PBXFileReference; fileEncoding = 4; lastKnownFileType = sourcecode.c.h; path = IBUser.h; sourceTree = "<group>"; };
		A0A8A52D1CFF7F2F00A9EB4B /* IBUser.m */ = {isa = PBXFileReference; fileEncoding = 4; lastKnownFileType = sourcecode.c.objc; path = IBUser.m; sourceTree = "<group>"; };
		A0C5261A1CEAD2D400706104 /* IBDemo.app */ = {isa = PBXFileReference; explicitFileType = wrapper.application; includeInIndex = 0; path = IBDemo.app; sourceTree = BUILT_PRODUCTS_DIR; };
		A0C5261E1CEAD2D400706104 /* main.m */ = {isa = PBXFileReference; lastKnownFileType = sourcecode.c.objc; path = main.m; sourceTree = "<group>"; };
		A0C526201CEAD2D400706104 /* AppDelegate.h */ = {isa = PBXFileReference; lastKnownFileType = sourcecode.c.h; path = AppDelegate.h; sourceTree = "<group>"; };
		A0C526211CEAD2D400706104 /* AppDelegate.m */ = {isa = PBXFileReference; lastKnownFileType = sourcecode.c.objc; path = AppDelegate.m; sourceTree = "<group>"; };
		A0C526291CEAD2D400706104 /* Assets.xcassets */ = {isa = PBXFileReference; lastKnownFileType = folder.assetcatalog; path = Assets.xcassets; sourceTree = "<group>"; };
		A0C5262C1CEAD2D400706104 /* Base */ = {isa = PBXFileReference; lastKnownFileType = file.storyboard; name = Base; path = Base.lproj/LaunchScreen.storyboard; sourceTree = "<group>"; };
		A0C5262E1CEAD2D400706104 /* Info.plist */ = {isa = PBXFileReference; lastKnownFileType = text.plist.xml; path = Info.plist; sourceTree = "<group>"; };
		A0C526391CEAD2E000706104 /* IBKit.framework */ = {isa = PBXFileReference; explicitFileType = wrapper.framework; includeInIndex = 0; path = IBKit.framework; sourceTree = BUILT_PRODUCTS_DIR; };
		A0C526461CEAD30C00706104 /* CustomEventsViewController.h */ = {isa = PBXFileReference; fileEncoding = 4; lastKnownFileType = sourcecode.c.h; path = CustomEventsViewController.h; sourceTree = "<group>"; };
		A0C526471CEAD30C00706104 /* CustomEventsViewController.m */ = {isa = PBXFileReference; fileEncoding = 4; lastKnownFileType = sourcecode.c.objc; path = CustomEventsViewController.m; sourceTree = "<group>"; };
		A0C526481CEAD30C00706104 /* ViewController.h */ = {isa = PBXFileReference; fileEncoding = 4; lastKnownFileType = sourcecode.c.h; path = ViewController.h; sourceTree = "<group>"; };
		A0C526491CEAD30C00706104 /* ViewController.m */ = {isa = PBXFileReference; fileEncoding = 4; lastKnownFileType = sourcecode.c.objc; path = ViewController.m; sourceTree = "<group>"; };
		A0C526561CEAD35A00706104 /* IBApi.h */ = {isa = PBXFileReference; fileEncoding = 4; lastKnownFileType = sourcecode.c.h; path = IBApi.h; sourceTree = "<group>"; };
		A0C526571CEAD35A00706104 /* IBApi.m */ = {isa = PBXFileReference; fileEncoding = 4; lastKnownFileType = sourcecode.c.objc; path = IBApi.m; sourceTree = "<group>"; };
		A0C5269B1CEAD36800706104 /* bg-graphic.png */ = {isa = PBXFileReference; lastKnownFileType = image.png; path = "bg-graphic.png"; sourceTree = "<group>"; };
		A0C526AC1CEAD36800706104 /* Montserrat-Bold.ttf */ = {isa = PBXFileReference; lastKnownFileType = file; path = "Montserrat-Bold.ttf"; sourceTree = "<group>"; };
		A0C526AD1CEAD36800706104 /* Montserrat-Regular.ttf */ = {isa = PBXFileReference; lastKnownFileType = file; path = "Montserrat-Regular.ttf"; sourceTree = "<group>"; };
		A0C526AE1CEAD36800706104 /* OTKTextChatComponent.xib */ = {isa = PBXFileReference; fileEncoding = 4; lastKnownFileType = file.xib; path = OTKTextChatComponent.xib; sourceTree = "<group>"; };
		A0C526AF1CEAD36800706104 /* OTKTextChatDivTableViewCell.xib */ = {isa = PBXFileReference; fileEncoding = 4; lastKnownFileType = file.xib; path = OTKTextChatDivTableViewCell.xib; sourceTree = "<group>"; };
		A0C526B01CEAD36800706104 /* OTKTextChatRecvShortTableViewCell.xib */ = {isa = PBXFileReference; fileEncoding = 4; lastKnownFileType = file.xib; path = OTKTextChatRecvShortTableViewCell.xib; sourceTree = "<group>"; };
		A0C526B11CEAD36800706104 /* OTKTextChatRecvTableViewCell.xib */ = {isa = PBXFileReference; fileEncoding = 4; lastKnownFileType = file.xib; path = OTKTextChatRecvTableViewCell.xib; sourceTree = "<group>"; };
		A0C526B21CEAD36800706104 /* OTKTextChatSentShortTableViewCell.xib */ = {isa = PBXFileReference; fileEncoding = 4; lastKnownFileType = file.xib; path = OTKTextChatSentShortTableViewCell.xib; sourceTree = "<group>"; };
		A0C526B31CEAD36800706104 /* OTKTextChatSentTableViewCell.xib */ = {isa = PBXFileReference; fileEncoding = 4; lastKnownFileType = file.xib; path = OTKTextChatSentTableViewCell.xib; sourceTree = "<group>"; };
		A0C526B81CEAD36800706104 /* SpotlightAssets.xcassets */ = {isa = PBXFileReference; lastKnownFileType = folder.assetcatalog; path = SpotlightAssets.xcassets; sourceTree = "<group>"; };
		A0C526DA1CEAD3D500706104 /* CustomEventsCell.xib */ = {isa = PBXFileReference; fileEncoding = 4; lastKnownFileType = file.xib; path = CustomEventsCell.xib; sourceTree = "<group>"; };
		A0C526DD1CEAD40100706104 /* Base */ = {isa = PBXFileReference; lastKnownFileType = file.storyboard; name = Base; path = Base.lproj/Main.storyboard; sourceTree = "<group>"; };
		A0F6DAFD1E67C8AE007729B4 /* Podfile */ = {isa = PBXFileReference; fileEncoding = 4; lastKnownFileType = text; path = Podfile; sourceTree = "<group>"; };
/* End PBXFileReference section */

/* Begin PBXFrameworksBuildPhase section */
		A08D96D11CF8DCB200877619 /* Frameworks */ = {
			isa = PBXFrameworksBuildPhase;
			buildActionMask = 2147483647;
			files = (
				A08D96D91CF8DCB200877619 /* IBKit.framework in Frameworks */,
			);
			runOnlyForDeploymentPostprocessing = 0;
		};
		A0C526171CEAD2D400706104 /* Frameworks */ = {
			isa = PBXFrameworksBuildPhase;
			buildActionMask = 2147483647;
			files = (
				A0C526401CEAD2E000706104 /* IBKit.framework in Frameworks */,
			);
			runOnlyForDeploymentPostprocessing = 0;
		};
		A0C526351CEAD2E000706104 /* Frameworks */ = {
			isa = PBXFrameworksBuildPhase;
			buildActionMask = 2147483647;
			files = (
			);
			runOnlyForDeploymentPostprocessing = 0;
		};
/* End PBXFrameworksBuildPhase section */

/* Begin PBXGroup section */
		A0156FCF1CEE60A50009FBEF /* Categories */ = {
			isa = PBXGroup;
			children = (
				A0156FD01CEE60A50009FBEF /* PerformSelectorWithDebounce.h */,
				A0156FD11CEE60A50009FBEF /* PerformSelectorWithDebounce.m */,
				A0156FD21CEE60A50009FBEF /* UIColor+AppAdditions.h */,
				A0156FD31CEE60A50009FBEF /* UIColor+AppAdditions.m */,
				A01E445D1CF7837D00D20CFA /* UIView+Category.h */,
				A01E445E1CF7837D00D20CFA /* UIView+Category.m */,
				A01E44611CF7968200D20CFA /* UIImageView+Category.h */,
				A01E44621CF7968200D20CFA /* UIImageView+Category.m */,
			);
			path = Categories;
			sourceTree = "<group>";
		};
		A01E44111CF75BE000D20CFA /* Event */ = {
			isa = PBXGroup;
			children = (
				A01E44121CF75C1B00D20CFA /* EventView.h */,
				A01E44131CF75C1B00D20CFA /* EventView.m */,
				A01E44141CF75C1B00D20CFA /* EventViewController.h */,
				A01E44151CF75C1B00D20CFA /* EventViewController.m */,
				A01E44161CF75C1B00D20CFA /* EventViewController.xib */,
			);
			path = Event;
			sourceTree = "<group>";
		};
		A01E442D1CF75C9000D20CFA /* Util */ = {
			isa = PBXGroup;
			children = (
				A08D96E51CFE36E800877619 /* JSON.h */,
				A08D96E61CFE36E800877619 /* JSON.m */,
				A01E443B1CF75CDA00D20CFA /* IBDateFormatter.h */,
				A01E443C1CF75CDA00D20CFA /* IBDateFormatter.m */,
			);
			path = Util;
			sourceTree = "<group>";
		};
		A01E443F1CF7602B00D20CFA /* ThirdParties */ = {
			isa = PBXGroup;
			children = (
				A01E44401CF7602B00D20CFA /* DotSpinnerView */,
				A01E44441CF7602B00D20CFA /* OpenTok */,
				A01E44491CF7602B00D20CFA /* OTKTextChat */,
			);
			path = ThirdParties;
			sourceTree = "<group>";
		};
		A01E44401CF7602B00D20CFA /* DotSpinnerView */ = {
			isa = PBXGroup;
			children = (
				A01E44411CF7602B00D20CFA /* DotSpinnerViewController.h */,
				A01E44421CF7602B00D20CFA /* DotSpinnerViewController.m */,
				A01E44431CF7602B00D20CFA /* DotSpinnerViewController.xib */,
			);
			path = DotSpinnerView;
			sourceTree = "<group>";
		};
		A01E44441CF7602B00D20CFA /* OpenTok */ = {
			isa = PBXGroup;
			children = (
				A01E44451CF7602B00D20CFA /* OTDefaultAudioDevice.h */,
				A01E44461CF7602B00D20CFA /* OTDefaultAudioDevice.m */,
			);
			path = OpenTok;
			sourceTree = "<group>";
		};
		A01E44491CF7602B00D20CFA /* OTKTextChat */ = {
			isa = PBXGroup;
			children = (
				A01E444A1CF7602B00D20CFA /* OTKTextChatComponent.h */,
				A01E444B1CF7602B00D20CFA /* OTKTextChatComponent.m */,
				A01E444C1CF7602B00D20CFA /* OTKTextChatTableViewCell.h */,
				A01E444D1CF7602B00D20CFA /* OTKTextChatTableViewCell.m */,
				A01E444E1CF7602B00D20CFA /* OTKTextChatView.h */,
				A01E444F1CF7602B00D20CFA /* OTKTextChatView.m */,
			);
			path = OTKTextChat;
			sourceTree = "<group>";
		};
		A022F5FC1CF60D2D008E8C70 /* Events */ = {
			isa = PBXGroup;
			children = (
				A022F5FD1CF60D83008E8C70 /* EventCell.h */,
				A022F5FE1CF60D83008E8C70 /* EventCell.m */,
				A022F5FF1CF60D83008E8C70 /* EventCell.xib */,
				A022F6001CF60D83008E8C70 /* EventsView.h */,
				A022F6011CF60D83008E8C70 /* EventsView.m */,
				A022F6021CF60D83008E8C70 /* EventsViewController.h */,
				A022F6031CF60D83008E8C70 /* EventsViewController.m */,
				A022F6041CF60D83008E8C70 /* EventsViewController.xib */,
			);
			path = Events;
			sourceTree = "<group>";
		};
		A08D96D51CF8DCB200877619 /* IBKitTests */ = {
			isa = PBXGroup;
			children = (
				A00231AA1D00C42B007905CC /* IBEventTests.m */,
				A00231A81D00C23B007905CC /* IBUserTests.m */,
				A00231AC1D00C446007905CC /* IBApiTests.m */,
				A00231B61D01102A007905CC /* IBEventViewControllerTests.m */,
				A00231B21D010FEA007905CC /* IBEventsViewControllerTests.m */,
				A00231AE1D00C45D007905CC /* OpenTokNetworkTests.m */,
				A00231B01D00C4A7007905CC /* OpenTokManager.m */,
				A08D96D81CF8DCB200877619 /* Info.plist */,
				0BEFEB151D00F2730034A18B /* IBDateFormatterTests.m */,
				A067F3641D0A904F0015CD22 /* JSONTest.m */,
			);
			path = IBKitTests;
			sourceTree = "<group>";
		};
		A0C526111CEAD2D400706104 = {
			isa = PBXGroup;
			children = (
				A0F6DAFD1E67C8AE007729B4 /* Podfile */,
				A0C5261C1CEAD2D400706104 /* IBDemo */,
				A0C5263A1CEAD2E000706104 /* IBKit */,
				A08D96D51CF8DCB200877619 /* IBKitTests */,
				A0C5261B1CEAD2D400706104 /* Products */,
			);
			sourceTree = "<group>";
		};
		A0C5261B1CEAD2D400706104 /* Products */ = {
			isa = PBXGroup;
			children = (
				A0C5261A1CEAD2D400706104 /* IBDemo.app */,
				A0C526391CEAD2E000706104 /* IBKit.framework */,
				A08D96D41CF8DCB200877619 /* IBKitTests.xctest */,
			);
			name = Products;
			sourceTree = "<group>";
		};
		A0C5261C1CEAD2D400706104 /* IBDemo */ = {
			isa = PBXGroup;
			children = (
				A0C526201CEAD2D400706104 /* AppDelegate.h */,
				A0C526211CEAD2D400706104 /* AppDelegate.m */,
				A0C526461CEAD30C00706104 /* CustomEventsViewController.h */,
				A0C526471CEAD30C00706104 /* CustomEventsViewController.m */,
				A0C526DA1CEAD3D500706104 /* CustomEventsCell.xib */,
				A0C526481CEAD30C00706104 /* ViewController.h */,
				A0C526491CEAD30C00706104 /* ViewController.m */,
				A0C526DC1CEAD40100706104 /* Main.storyboard */,
				A0C526291CEAD2D400706104 /* Assets.xcassets */,
				A0C5262B1CEAD2D400706104 /* LaunchScreen.storyboard */,
				A0C5262E1CEAD2D400706104 /* Info.plist */,
				A0C5261D1CEAD2D400706104 /* Supporting Files */,
			);
			path = IBDemo;
			sourceTree = "<group>";
		};
		A0C5261D1CEAD2D400706104 /* Supporting Files */ = {
			isa = PBXGroup;
			children = (
				A0C5261E1CEAD2D400706104 /* main.m */,
			);
			name = "Supporting Files";
			sourceTree = "<group>";
		};
		A0C5263A1CEAD2E000706104 /* IBKit */ = {
			isa = PBXGroup;
			children = (
				A0156FD41CEE60A50009FBEF /* IBKit.h */,
				A06CE4311D4933B700E9EBEC /* IBApi_Internal.h */,
				A0C526561CEAD35A00706104 /* IBApi.h */,
				A0C526571CEAD35A00706104 /* IBApi.m */,
				A06CE4331D4934D000E9EBEC /* IBEvent_Internal.h */,
				A08D96C41CF7C79200877619 /* IBEvent.h */,
				A08D96C51CF7C79200877619 /* IBEvent.m */,
				A0A8A52C1CFF7F2F00A9EB4B /* IBUser.h */,
				A0A8A52D1CFF7F2F00A9EB4B /* IBUser.m */,
				0B595F7F1D25BC06002779B7 /* IBAVPlayer.h */,
				0B595F801D25BC06002779B7 /* IBAVPlayer.m */,
				A08D96EA1CFE36F400877619 /* OpenTokManager.h */,
				A08D96EB1CFE36F400877619 /* OpenTokManager.m */,
				0BEFEB0D1CFF199B0034A18B /* OpenTokNetworkTest.h */,
				0BEFEB0E1CFF199B0034A18B /* OpenTokNetworkTest.m */,
				0BBF96321D4171F7006DCDE9 /* IBConstants.h */,
				A01E44111CF75BE000D20CFA /* Event */,
				A022F5FC1CF60D2D008E8C70 /* Events */,
				A0156FCF1CEE60A50009FBEF /* Categories */,
				A01E443F1CF7602B00D20CFA /* ThirdParties */,
				A01E442D1CF75C9000D20CFA /* Util */,
				A0C526971CEAD36800706104 /* Assets */,
				A002319C1CFFF442007905CC /* Info.plist */,
			);
			path = IBKit;
			sourceTree = "<group>";
		};
		A0C526971CEAD36800706104 /* Assets */ = {
			isa = PBXGroup;
			children = (
				A0C5269B1CEAD36800706104 /* bg-graphic.png */,
				A0C526AC1CEAD36800706104 /* Montserrat-Bold.ttf */,
				A0C526AD1CEAD36800706104 /* Montserrat-Regular.ttf */,
				A0C526AE1CEAD36800706104 /* OTKTextChatComponent.xib */,
				A0C526AF1CEAD36800706104 /* OTKTextChatDivTableViewCell.xib */,
				A0C526B01CEAD36800706104 /* OTKTextChatRecvShortTableViewCell.xib */,
				A0C526B11CEAD36800706104 /* OTKTextChatRecvTableViewCell.xib */,
				A0C526B21CEAD36800706104 /* OTKTextChatSentShortTableViewCell.xib */,
				A0C526B31CEAD36800706104 /* OTKTextChatSentTableViewCell.xib */,
				A0C526B81CEAD36800706104 /* SpotlightAssets.xcassets */,
			);
			path = Assets;
			sourceTree = "<group>";
		};
/* End PBXGroup section */

/* Begin PBXHeadersBuildPhase section */
		A0C526361CEAD2E000706104 /* Headers */ = {
			isa = PBXHeadersBuildPhase;
			buildActionMask = 2147483647;
			files = (
				A0156FD91CEE60A50009FBEF /* IBKit.h in Headers */,
				A06CE4341D4934D000E9EBEC /* IBEvent_Internal.h in Headers */,
				0B595F811D25BC06002779B7 /* IBAVPlayer.h in Headers */,
				A0C5267D1CEAD35A00706104 /* IBApi.h in Headers */,
				A08D96C61CF7C79200877619 /* IBEvent.h in Headers */,
				A0A8A52E1CFF7F2F00A9EB4B /* IBUser.h in Headers */,
				A01E44171CF75C1B00D20CFA /* EventView.h in Headers */,
				A01E44191CF75C1B00D20CFA /* EventViewController.h in Headers */,
				A01E44631CF7968200D20CFA /* UIImageView+Category.h in Headers */,
				A01E443D1CF75CDA00D20CFA /* IBDateFormatter.h in Headers */,
				A022F60A1CF60D83008E8C70 /* EventsViewController.h in Headers */,
				A01E44501CF7602B00D20CFA /* DotSpinnerViewController.h in Headers */,
				0BEFEB0F1CFF199B0034A18B /* OpenTokNetworkTest.h in Headers */,
				A08D96ED1CFE36F400877619 /* OpenTokManager.h in Headers */,
				A01E445F1CF7837D00D20CFA /* UIView+Category.h in Headers */,
				A022F6081CF60D83008E8C70 /* EventsView.h in Headers */,
				A08D96E71CFE36E800877619 /* JSON.h in Headers */,
				A06CE4321D4933B700E9EBEC /* IBApi_Internal.h in Headers */,
				A01E44591CF7602B00D20CFA /* OTKTextChatTableViewCell.h in Headers */,
				A0156FD51CEE60A50009FBEF /* PerformSelectorWithDebounce.h in Headers */,
				A0156FD71CEE60A50009FBEF /* UIColor+AppAdditions.h in Headers */,
				A01E44571CF7602B00D20CFA /* OTKTextChatComponent.h in Headers */,
				A01E44531CF7602B00D20CFA /* OTDefaultAudioDevice.h in Headers */,
				0BBF96341D4171F7006DCDE9 /* IBConstants.h in Headers */,
				A01E445B1CF7602B00D20CFA /* OTKTextChatView.h in Headers */,
				A022F6051CF60D83008E8C70 /* EventCell.h in Headers */,
			);
			runOnlyForDeploymentPostprocessing = 0;
		};
/* End PBXHeadersBuildPhase section */

/* Begin PBXNativeTarget section */
		A08D96D31CF8DCB200877619 /* IBKitTests */ = {
			isa = PBXNativeTarget;
			buildConfigurationList = A08D96DE1CF8DCB200877619 /* Build configuration list for PBXNativeTarget "IBKitTests" */;
			buildPhases = (
				A08D96D01CF8DCB200877619 /* Sources */,
				A08D96D11CF8DCB200877619 /* Frameworks */,
				A08D96D21CF8DCB200877619 /* Resources */,
			);
			buildRules = (
			);
			dependencies = (
				A08D96DB1CF8DCB200877619 /* PBXTargetDependency */,
			);
			name = IBKitTests;
			productName = IBKitTests;
			productReference = A08D96D41CF8DCB200877619 /* IBKitTests.xctest */;
			productType = "com.apple.product-type.bundle.unit-test";
		};
		A0C526191CEAD2D400706104 /* IBDemo */ = {
			isa = PBXNativeTarget;
			buildConfigurationList = A0C526311CEAD2D400706104 /* Build configuration list for PBXNativeTarget "IBDemo" */;
			buildPhases = (
				A0C526161CEAD2D400706104 /* Sources */,
				A0C526171CEAD2D400706104 /* Frameworks */,
				A0C526181CEAD2D400706104 /* Resources */,
				A0C526451CEAD2E000706104 /* Embed Frameworks */,
				A0B75F031D497E92005FF686 /* ShellScript */,
			);
			buildRules = (
			);
			dependencies = (
				A0C5263F1CEAD2E000706104 /* PBXTargetDependency */,
			);
			name = IBDemo;
			productName = IBDemo;
			productReference = A0C5261A1CEAD2D400706104 /* IBDemo.app */;
			productType = "com.apple.product-type.application";
		};
		A0C526381CEAD2E000706104 /* IBKit */ = {
			isa = PBXNativeTarget;
			buildConfigurationList = A0C526421CEAD2E000706104 /* Build configuration list for PBXNativeTarget "IBKit" */;
			buildPhases = (
				A0C526341CEAD2E000706104 /* Sources */,
				A0C526351CEAD2E000706104 /* Frameworks */,
				A0C526361CEAD2E000706104 /* Headers */,
				A0C526371CEAD2E000706104 /* Resources */,
			);
			buildRules = (
			);
			dependencies = (
			);
			name = IBKit;
			productName = IBKit;
			productReference = A0C526391CEAD2E000706104 /* IBKit.framework */;
			productType = "com.apple.product-type.framework";
		};
/* End PBXNativeTarget section */

/* Begin PBXProject section */
		A0C526121CEAD2D400706104 /* Project object */ = {
			isa = PBXProject;
			attributes = {
				LastUpgradeCheck = 0800;
				ORGANIZATIONNAME = "Tokbox, Inc.";
				TargetAttributes = {
					A06CE42A1D489AB600E9EBEC = {
						CreatedOnToolsVersion = 7.3;
					};
					A08D96D31CF8DCB200877619 = {
						CreatedOnToolsVersion = 7.3;
					};
					A0A754CE1CEB909600D6D516 = {
						CreatedOnToolsVersion = 7.3;
					};
					A0C526191CEAD2D400706104 = {
						CreatedOnToolsVersion = 7.3;
						DevelopmentTeam = 246HEUPQZ9;
						ProvisioningStyle = Automatic;
					};
					A0C526381CEAD2E000706104 = {
						CreatedOnToolsVersion = 7.3;
					};
				};
			};
			buildConfigurationList = A0C526151CEAD2D400706104 /* Build configuration list for PBXProject "IBDemo" */;
			compatibilityVersion = "Xcode 3.2";
			developmentRegion = English;
			hasScannedForEncodings = 0;
			knownRegions = (
				en,
				Base,
			);
			mainGroup = A0C526111CEAD2D400706104;
			productRefGroup = A0C5261B1CEAD2D400706104 /* Products */;
			projectDirPath = "";
			projectRoot = "";
			targets = (
				A0C526191CEAD2D400706104 /* IBDemo */,
				A0C526381CEAD2E000706104 /* IBKit */,
				A0A754CE1CEB909600D6D516 /* BuildFatFramework */,
				A08D96D31CF8DCB200877619 /* IBKitTests */,
				A06CE42A1D489AB600E9EBEC /* Documentation */,
			);
		};
/* End PBXProject section */

/* Begin PBXResourcesBuildPhase section */
		A08D96D21CF8DCB200877619 /* Resources */ = {
			isa = PBXResourcesBuildPhase;
			buildActionMask = 2147483647;
			files = (
			);
			runOnlyForDeploymentPostprocessing = 0;
		};
		A0C526181CEAD2D400706104 /* Resources */ = {
			isa = PBXResourcesBuildPhase;
			buildActionMask = 2147483647;
			files = (
				A0F6DAFE1E67C8AE007729B4 /* Podfile in Resources */,
				A0C5262D1CEAD2D400706104 /* LaunchScreen.storyboard in Resources */,
				A0C5262A1CEAD2D400706104 /* Assets.xcassets in Resources */,
				A0C526DB1CEAD3D500706104 /* CustomEventsCell.xib in Resources */,
				A0C526DE1CEAD40100706104 /* Main.storyboard in Resources */,
			);
			runOnlyForDeploymentPostprocessing = 0;
		};
		A0C526371CEAD2E000706104 /* Resources */ = {
			isa = PBXResourcesBuildPhase;
			buildActionMask = 2147483647;
			files = (
				A022F60C1CF60D83008E8C70 /* EventsViewController.xib in Resources */,
				A0C526D41CEAD36800706104 /* OTKTextChatSentTableViewCell.xib in Resources */,
				A0C526D01CEAD36800706104 /* OTKTextChatDivTableViewCell.xib in Resources */,
				A0C526D11CEAD36800706104 /* OTKTextChatRecvShortTableViewCell.xib in Resources */,
				A0C526BC1CEAD36800706104 /* bg-graphic.png in Resources */,
				A022F6071CF60D83008E8C70 /* EventCell.xib in Resources */,
				A01E441B1CF75C1B00D20CFA /* EventViewController.xib in Resources */,
				A0C526CE1CEAD36800706104 /* Montserrat-Regular.ttf in Resources */,
				A0C526D31CEAD36800706104 /* OTKTextChatSentShortTableViewCell.xib in Resources */,
				A0C526D91CEAD36800706104 /* SpotlightAssets.xcassets in Resources */,
				A0C526D21CEAD36800706104 /* OTKTextChatRecvTableViewCell.xib in Resources */,
				A01E44521CF7602B00D20CFA /* DotSpinnerViewController.xib in Resources */,
				A0C526CF1CEAD36800706104 /* OTKTextChatComponent.xib in Resources */,
				A0C526CD1CEAD36800706104 /* Montserrat-Bold.ttf in Resources */,
			);
			runOnlyForDeploymentPostprocessing = 0;
		};
/* End PBXResourcesBuildPhase section */

/* Begin PBXShellScriptBuildPhase section */
		A06CE42E1D489ABB00E9EBEC /* ShellScript */ = {
			isa = PBXShellScriptBuildPhase;
			buildActionMask = 2147483647;
			files = (
			);
			inputPaths = (
			);
			outputPaths = (
			);
			runOnlyForDeploymentPostprocessing = 0;
			shellPath = /bin/sh;
			shellScript = "#appledoc Xcode script\n# Start constants\ncompany=\"Tokbox\";\ncompanyID=\"com.Tokbox\";\ncompanyURL=\"https://tokbox.com/\";\noutputPath=\"${PROJECT_DIR}/docs\";\n# End constants\n/usr/local/bin/appledoc \\\n--project-name \"${PROJECT_NAME}\" \\\n--project-company \"${company}\" \\\n--company-id \"${companyID}\" \\\n--docset-feed-url \"${companyURL}/${company}/%DOCSETATOMFILENAME\" \\\n--output \"${outputPath}\" \\\n--keep-intermediate-files \\\n--exit-threshold 2 \\\n\"${PROJECT_DIR}/IBKit/IBKit.h\" \\\n\"${PROJECT_DIR}/IBKit/IBApi.h\" \\\n\"${PROJECT_DIR}/IBKit/IBInstance.h\" \\\n\"${PROJECT_DIR}/IBKit/IBEvent.h\" \\\n\"${PROJECT_DIR}/IBKit/IBUser.h\" \\\n\"${PROJECT_DIR}/IBKit/Event/EventViewController.h\" \\\n\"${PROJECT_DIR}/IBKit/Events/EventsViewController.h\" \\";
		};
		A0A754D21CEB909900D6D516 /* ShellScript */ = {
			isa = PBXShellScriptBuildPhase;
			buildActionMask = 2147483647;
			files = (
			);
			inputPaths = (
			);
			outputPaths = (
			);
			runOnlyForDeploymentPostprocessing = 0;
			shellPath = /bin/sh;
			shellScript = "# Merge Script\n\n# 1\n# Set bash script to exit immediately if any commands fail.\nset -e\n\n# 2\n# Setup some constants for use later on.\nWORKSPACE_NAME=\"IBDemo.xcworkspace\"\nFRAMEWORK_NAME=\"IBKit\"\n\n# 3\n# If remnants from a previous build exist, delete them.\nif [ -d \"${SRCROOT}/build\" ]; then\nrm -rf \"${SRCROOT}/build\"\nfi\n\n# 4\n# Build the framework for device and for simulator (using\n# all needed architectures).\nxcodebuild -workspace \"${WORKSPACE_NAME}\" -scheme \"${FRAMEWORK_NAME}\" -configuration Release -arch arm64 -arch armv7 -arch armv7s only_active_arch=no defines_module=yes -sdk \"iphoneos\" -derivedDataPath \"${SRCROOT}/build\"\n# xcodebuild -target \"${FRAMEWORK_NAME}\" -configuration Release -arch arm64 -arch armv7 -arch armv7s only_active_arch=no defines_module=yes -sdk \"iphoneos\"\nxcodebuild -workspace \"${WORKSPACE_NAME}\" -scheme \"${FRAMEWORK_NAME}\" -configuration Release -arch x86_64 -arch i386 only_active_arch=no defines_module=yes -sdk \"iphonesimulator\" -derivedDataPath \"${SRCROOT}/build\"\n# xcodebuild -target \"${FRAMEWORK_NAME}\" -configuration Release -arch x86_64 -arch i386 only_active_arch=no defines_module=yes -sdk \"iphonesimulator\"\n\n# 5\n# Remove .framework file if exists on Desktop from previous run.\nif [ -d \"${FRAMEWORK_NAME}.framework\" ]; then\nrm -rf \"${FRAMEWORK_NAME}.framework\"\nfi\n\n# 6\n# Copy the device version of framework to Desktop.\ncp -r \"${SRCROOT}/build/Build/Products/Release-iphoneos/${FRAMEWORK_NAME}.framework\" \"${FRAMEWORK_NAME}.framework\"\n\n# 7\n# Replace the framework executable within the framework with\n# a new version created by merging the device and simulator\n# frameworks' executables with lipo.\nlipo -create -output \"${FRAMEWORK_NAME}.framework/${FRAMEWORK_NAME}\" \"${SRCROOT}/build/Build/Products/Release-iphoneos/${FRAMEWORK_NAME}.framework/${FRAMEWORK_NAME}\" \"${SRCROOT}/build/Build/Products/Release-iphonesimulator/${FRAMEWORK_NAME}.framework/${FRAMEWORK_NAME}\"\n\n# 8\n# Copy the Swift module mappings for the simulator into the\n# framework.  The device mappings already exist from step 6.\n#cp -r \"${SRCROOT}/build/Release-iphonesimulator/${FRAMEWORK_NAME}.framework/Modules/${FRAMEWORK_NAME}.swiftmodule/\" \"${HOME}/Desktop/${FRAMEWORK_NAME}.framework/Modules/${FRAMEWORK_NAME}.swiftmodule\"\n\n# 9\n# Delete the most recent build.\nif [ -d \"${SRCROOT}/build\" ]; then\nrm -rf \"${SRCROOT}/build\"\nfi";
		};
		A0B75F031D497E92005FF686 /* ShellScript */ = {
			isa = PBXShellScriptBuildPhase;
			buildActionMask = 2147483647;
			files = (
			);
			inputPaths = (
			);
			outputPaths = (
			);
			runOnlyForDeploymentPostprocessing = 0;
			shellPath = /bin/sh;
			shellScript = "\"${PODS_ROOT}/Fabric/run\" e148233c6cae706cd80ae2cf63c263a294276a4f 56ce09a5320df7b642be150fe0d6525e000dd2fff12201c6ea4e72c3453b5f30";
		};
/* End PBXShellScriptBuildPhase section */

/* Begin PBXSourcesBuildPhase section */
		A08D96D01CF8DCB200877619 /* Sources */ = {
			isa = PBXSourcesBuildPhase;
			buildActionMask = 2147483647;
			files = (
				A00231AB1D00C42B007905CC /* IBEventTests.m in Sources */,
				A00231A91D00C23B007905CC /* IBUserTests.m in Sources */,
				0BEFEB161D00F2730034A18B /* IBDateFormatterTests.m in Sources */,
				A00231AD1D00C446007905CC /* IBApiTests.m in Sources */,
				A00231B11D00C4A7007905CC /* OpenTokManager.m in Sources */,
				A00231AF1D00C45D007905CC /* OpenTokNetworkTests.m in Sources */,
				A067F3651D0A904F0015CD22 /* JSONTest.m in Sources */,
			);
			runOnlyForDeploymentPostprocessing = 0;
		};
		A0C526161CEAD2D400706104 /* Sources */ = {
			isa = PBXSourcesBuildPhase;
			buildActionMask = 2147483647;
			files = (
				A0C5264A1CEAD30C00706104 /* CustomEventsViewController.m in Sources */,
				A0C526221CEAD2D400706104 /* AppDelegate.m in Sources */,
				A0C5264B1CEAD30C00706104 /* ViewController.m in Sources */,
				A0C5261F1CEAD2D400706104 /* main.m in Sources */,
			);
			runOnlyForDeploymentPostprocessing = 0;
		};
		A0C526341CEAD2E000706104 /* Sources */ = {
			isa = PBXSourcesBuildPhase;
			buildActionMask = 2147483647;
			files = (
				A01E44601CF7837D00D20CFA /* UIView+Category.m in Sources */,
				A022F60B1CF60D83008E8C70 /* EventsViewController.m in Sources */,
				A01E44511CF7602B00D20CFA /* DotSpinnerViewController.m in Sources */,
				A08D96E81CFE36E800877619 /* JSON.m in Sources */,
				A01E443E1CF75CDA00D20CFA /* IBDateFormatter.m in Sources */,
				A01E44641CF7968200D20CFA /* UIImageView+Category.m in Sources */,
				A08D96C71CF7C79200877619 /* IBEvent.m in Sources */,
				A022F6091CF60D83008E8C70 /* EventsView.m in Sources */,
				A0156FD61CEE60A50009FBEF /* PerformSelectorWithDebounce.m in Sources */,
				A022F6061CF60D83008E8C70 /* EventCell.m in Sources */,
				A08D96EE1CFE36F400877619 /* OpenTokManager.m in Sources */,
				A0A8A52F1CFF7F2F00A9EB4B /* IBUser.m in Sources */,
				A01E445A1CF7602B00D20CFA /* OTKTextChatTableViewCell.m in Sources */,
				A01E44181CF75C1B00D20CFA /* EventView.m in Sources */,
				A01E44581CF7602B00D20CFA /* OTKTextChatComponent.m in Sources */,
				0BEFEB101CFF199B0034A18B /* OpenTokNetworkTest.m in Sources */,
				A01E445C1CF7602B00D20CFA /* OTKTextChatView.m in Sources */,
				A0156FD81CEE60A50009FBEF /* UIColor+AppAdditions.m in Sources */,
				A01E44541CF7602B00D20CFA /* OTDefaultAudioDevice.m in Sources */,
				A01E441A1CF75C1B00D20CFA /* EventViewController.m in Sources */,
				A0C5267E1CEAD35A00706104 /* IBApi.m in Sources */,
				0B595F821D25BC06002779B7 /* IBAVPlayer.m in Sources */,
			);
			runOnlyForDeploymentPostprocessing = 0;
		};
/* End PBXSourcesBuildPhase section */

/* Begin PBXTargetDependency section */
		A08D96DB1CF8DCB200877619 /* PBXTargetDependency */ = {
			isa = PBXTargetDependency;
			target = A0C526381CEAD2E000706104 /* IBKit */;
			targetProxy = A08D96DA1CF8DCB200877619 /* PBXContainerItemProxy */;
		};
		A0C5263F1CEAD2E000706104 /* PBXTargetDependency */ = {
			isa = PBXTargetDependency;
			target = A0C526381CEAD2E000706104 /* IBKit */;
			targetProxy = A0C5263E1CEAD2E000706104 /* PBXContainerItemProxy */;
		};
/* End PBXTargetDependency section */

/* Begin PBXVariantGroup section */
		A0C5262B1CEAD2D400706104 /* LaunchScreen.storyboard */ = {
			isa = PBXVariantGroup;
			children = (
				A0C5262C1CEAD2D400706104 /* Base */,
			);
			name = LaunchScreen.storyboard;
			sourceTree = "<group>";
		};
		A0C526DC1CEAD40100706104 /* Main.storyboard */ = {
			isa = PBXVariantGroup;
			children = (
				A0C526DD1CEAD40100706104 /* Base */,
			);
			name = Main.storyboard;
			sourceTree = "<group>";
		};
/* End PBXVariantGroup section */

/* Begin XCBuildConfiguration section */
		A06CE42B1D489AB600E9EBEC /* Debug */ = {
			isa = XCBuildConfiguration;
			buildSettings = {
				PRODUCT_NAME = "$(TARGET_NAME)";
			};
			name = Debug;
		};
		A06CE42C1D489AB600E9EBEC /* Release */ = {
			isa = XCBuildConfiguration;
			buildSettings = {
				PRODUCT_NAME = "$(TARGET_NAME)";
			};
			name = Release;
		};
		A08D96DC1CF8DCB200877619 /* Debug */ = {
			isa = XCBuildConfiguration;
			buildSettings = {
				INFOPLIST_FILE = IBKitTests/Info.plist;
				LD_RUNPATH_SEARCH_PATHS = "$(inherited) @executable_path/Frameworks @loader_path/Frameworks";
				PRODUCT_BUNDLE_IDENTIFIER = com.lucashuang.IBKitTests;
				PRODUCT_NAME = "$(TARGET_NAME)";
			};
			name = Debug;
		};
		A08D96DD1CF8DCB200877619 /* Release */ = {
			isa = XCBuildConfiguration;
			buildSettings = {
				INFOPLIST_FILE = IBKitTests/Info.plist;
				LD_RUNPATH_SEARCH_PATHS = "$(inherited) @executable_path/Frameworks @loader_path/Frameworks";
				PRODUCT_BUNDLE_IDENTIFIER = com.lucashuang.IBKitTests;
				PRODUCT_NAME = "$(TARGET_NAME)";
			};
			name = Release;
		};
		A0A754CF1CEB909600D6D516 /* Debug */ = {
			isa = XCBuildConfiguration;
			buildSettings = {
				DEBUG_INFORMATION_FORMAT = "dwarf-with-dsym";
				PRODUCT_NAME = "$(TARGET_NAME)";
			};
			name = Debug;
		};
		A0A754D01CEB909600D6D516 /* Release */ = {
			isa = XCBuildConfiguration;
			buildSettings = {
				DEBUG_INFORMATION_FORMAT = "dwarf-with-dsym";
				PRODUCT_NAME = "$(TARGET_NAME)";
			};
			name = Release;
		};
		A0C5262F1CEAD2D400706104 /* Debug */ = {
			isa = XCBuildConfiguration;
			buildSettings = {
				ALWAYS_SEARCH_USER_PATHS = NO;
				CLANG_ANALYZER_NONNULL = YES;
				CLANG_CXX_LANGUAGE_STANDARD = "gnu++0x";
				CLANG_CXX_LIBRARY = "libc++";
				CLANG_ENABLE_MODULES = YES;
				CLANG_ENABLE_OBJC_ARC = YES;
				CLANG_WARN_BOOL_CONVERSION = YES;
				CLANG_WARN_CONSTANT_CONVERSION = YES;
				CLANG_WARN_DIRECT_OBJC_ISA_USAGE = YES_ERROR;
				CLANG_WARN_EMPTY_BODY = YES;
				CLANG_WARN_ENUM_CONVERSION = YES;
				CLANG_WARN_INFINITE_RECURSION = YES;
				CLANG_WARN_INT_CONVERSION = YES;
				CLANG_WARN_OBJC_ROOT_CLASS = YES_ERROR;
				CLANG_WARN_SUSPICIOUS_MOVE = YES;
				CLANG_WARN_UNREACHABLE_CODE = YES;
				CLANG_WARN__DUPLICATE_METHOD_MATCH = YES;
				"CODE_SIGN_IDENTITY[sdk=iphoneos*]" = "iPhone Developer";
				COPY_PHASE_STRIP = NO;
				DEBUG_INFORMATION_FORMAT = dwarf;
				ENABLE_STRICT_OBJC_MSGSEND = YES;
				ENABLE_TESTABILITY = YES;
				GCC_C_LANGUAGE_STANDARD = gnu99;
				GCC_DYNAMIC_NO_PIC = NO;
				GCC_NO_COMMON_BLOCKS = YES;
				GCC_OPTIMIZATION_LEVEL = 0;
				GCC_PREPROCESSOR_DEFINITIONS = (
					"DEBUG=1",
					"$(inherited)",
				);
				GCC_WARN_64_TO_32_BIT_CONVERSION = YES;
				GCC_WARN_ABOUT_RETURN_TYPE = YES_ERROR;
				GCC_WARN_UNDECLARED_SELECTOR = YES;
				GCC_WARN_UNINITIALIZED_AUTOS = YES_AGGRESSIVE;
				GCC_WARN_UNUSED_FUNCTION = YES;
				GCC_WARN_UNUSED_VARIABLE = YES;
				IPHONEOS_DEPLOYMENT_TARGET = 8.0;
				MTL_ENABLE_DEBUG_INFO = YES;
				ONLY_ACTIVE_ARCH = YES;
				SDKROOT = iphoneos;
				TARGETED_DEVICE_FAMILY = "1,2";
			};
			name = Debug;
		};
		A0C526301CEAD2D400706104 /* Release */ = {
			isa = XCBuildConfiguration;
			buildSettings = {
				ALWAYS_SEARCH_USER_PATHS = NO;
				CLANG_ANALYZER_NONNULL = YES;
				CLANG_CXX_LANGUAGE_STANDARD = "gnu++0x";
				CLANG_CXX_LIBRARY = "libc++";
				CLANG_ENABLE_MODULES = YES;
				CLANG_ENABLE_OBJC_ARC = YES;
				CLANG_WARN_BOOL_CONVERSION = YES;
				CLANG_WARN_CONSTANT_CONVERSION = YES;
				CLANG_WARN_DIRECT_OBJC_ISA_USAGE = YES_ERROR;
				CLANG_WARN_EMPTY_BODY = YES;
				CLANG_WARN_ENUM_CONVERSION = YES;
				CLANG_WARN_INFINITE_RECURSION = YES;
				CLANG_WARN_INT_CONVERSION = YES;
				CLANG_WARN_OBJC_ROOT_CLASS = YES_ERROR;
				CLANG_WARN_SUSPICIOUS_MOVE = YES;
				CLANG_WARN_UNREACHABLE_CODE = YES;
				CLANG_WARN__DUPLICATE_METHOD_MATCH = YES;
				"CODE_SIGN_IDENTITY[sdk=iphoneos*]" = "iPhone Developer";
				COPY_PHASE_STRIP = NO;
				DEBUG_INFORMATION_FORMAT = "dwarf-with-dsym";
				ENABLE_NS_ASSERTIONS = NO;
				ENABLE_STRICT_OBJC_MSGSEND = YES;
				GCC_C_LANGUAGE_STANDARD = gnu99;
				GCC_NO_COMMON_BLOCKS = YES;
				GCC_WARN_64_TO_32_BIT_CONVERSION = YES;
				GCC_WARN_ABOUT_RETURN_TYPE = YES_ERROR;
				GCC_WARN_UNDECLARED_SELECTOR = YES;
				GCC_WARN_UNINITIALIZED_AUTOS = YES_AGGRESSIVE;
				GCC_WARN_UNUSED_FUNCTION = YES;
				GCC_WARN_UNUSED_VARIABLE = YES;
				IPHONEOS_DEPLOYMENT_TARGET = 8.0;
				MTL_ENABLE_DEBUG_INFO = NO;
				SDKROOT = iphoneos;
				TARGETED_DEVICE_FAMILY = "1,2";
				VALIDATE_PRODUCT = YES;
			};
			name = Release;
		};
		A0C526321CEAD2D400706104 /* Debug */ = {
			isa = XCBuildConfiguration;
			buildSettings = {
				ASSETCATALOG_COMPILER_APPICON_NAME = AppIcon;
				CODE_SIGN_IDENTITY = "iPhone Distribution: AgilityFeat Inc (246HEUPQZ9)";
				"CODE_SIGN_IDENTITY[sdk=iphoneos*]" = "iPhone Developer";
				DEBUG_INFORMATION_FORMAT = "dwarf-with-dsym";
				ENABLE_BITCODE = NO;
				INFOPLIST_FILE = IBDemo/Info.plist;
				IPHONEOS_DEPLOYMENT_TARGET = 8.0;
				LD_RUNPATH_SEARCH_PATHS = "$(inherited) @executable_path/Frameworks";
				PRODUCT_BUNDLE_IDENTIFIER = com.tokbox.IBSDemo;
				PRODUCT_NAME = "$(TARGET_NAME)";
				PROVISIONING_PROFILE = "";
			};
			name = Debug;
		};
		A0C526331CEAD2D400706104 /* Release */ = {
			isa = XCBuildConfiguration;
			buildSettings = {
				ASSETCATALOG_COMPILER_APPICON_NAME = AppIcon;
				CODE_SIGN_IDENTITY = "iPhone Distribution: AgilityFeat Inc (246HEUPQZ9)";
				"CODE_SIGN_IDENTITY[sdk=iphoneos*]" = "iPhone Developer";
				DEBUG_INFORMATION_FORMAT = "dwarf-with-dsym";
				ENABLE_BITCODE = NO;
				INFOPLIST_FILE = IBDemo/Info.plist;
				IPHONEOS_DEPLOYMENT_TARGET = 8.0;
				LD_RUNPATH_SEARCH_PATHS = "$(inherited) @executable_path/Frameworks";
				PRODUCT_BUNDLE_IDENTIFIER = com.tokbox.IBSDemo;
				PRODUCT_NAME = "$(TARGET_NAME)";
				PROVISIONING_PROFILE = "";
			};
			name = Release;
		};
		A0C526431CEAD2E000706104 /* Debug */ = {
			isa = XCBuildConfiguration;
			buildSettings = {
				"CODE_SIGN_IDENTITY[sdk=iphoneos*]" = "";
				CURRENT_PROJECT_VERSION = 1;
				DEBUG_INFORMATION_FORMAT = "dwarf-with-dsym";
				DEFINES_MODULE = YES;
				DYLIB_COMPATIBILITY_VERSION = 1;
				DYLIB_CURRENT_VERSION = 1;
				DYLIB_INSTALL_NAME_BASE = "@rpath";
				ENABLE_BITCODE = NO;
				FRAMEWORK_SEARCH_PATHS = "$(inherited)";
				INFOPLIST_FILE = IBKit/Info.plist;
				INSTALL_PATH = "$(LOCAL_LIBRARY_DIR)/Frameworks";
				IPHONEOS_DEPLOYMENT_TARGET = 8.0;
				LD_RUNPATH_SEARCH_PATHS = "$(inherited) @executable_path/Frameworks @loader_path/Frameworks";
				MACH_O_TYPE = mh_dylib;
				PRODUCT_BUNDLE_IDENTIFIER = com.lucashuang.IBKit;
				PRODUCT_NAME = "$(TARGET_NAME)";
				SKIP_INSTALL = YES;
				VERSIONING_SYSTEM = "apple-generic";
				VERSION_INFO_PREFIX = "";
			};
			name = Debug;
		};
		A0C526441CEAD2E000706104 /* Release */ = {
			isa = XCBuildConfiguration;
			buildSettings = {
				"CODE_SIGN_IDENTITY[sdk=iphoneos*]" = "";
				CURRENT_PROJECT_VERSION = 1;
				DEBUG_INFORMATION_FORMAT = "dwarf-with-dsym";
				DEFINES_MODULE = YES;
				DYLIB_COMPATIBILITY_VERSION = 1;
				DYLIB_CURRENT_VERSION = 1;
				DYLIB_INSTALL_NAME_BASE = "@rpath";
				ENABLE_BITCODE = NO;
				FRAMEWORK_SEARCH_PATHS = "$(inherited)";
				INFOPLIST_FILE = IBKit/Info.plist;
				INSTALL_PATH = "$(LOCAL_LIBRARY_DIR)/Frameworks";
				IPHONEOS_DEPLOYMENT_TARGET = 8.0;
				LD_RUNPATH_SEARCH_PATHS = "$(inherited) @executable_path/Frameworks @loader_path/Frameworks";
				MACH_O_TYPE = mh_dylib;
				PRODUCT_BUNDLE_IDENTIFIER = com.lucashuang.IBKit;
				PRODUCT_NAME = "$(TARGET_NAME)";
				SKIP_INSTALL = YES;
				VERSIONING_SYSTEM = "apple-generic";
				VERSION_INFO_PREFIX = "";
			};
			name = Release;
		};
/* End XCBuildConfiguration section */

/* Begin XCConfigurationList section */
		A06CE42D1D489AB600E9EBEC /* Build configuration list for PBXAggregateTarget "Documentation" */ = {
			isa = XCConfigurationList;
			buildConfigurations = (
				A06CE42B1D489AB600E9EBEC /* Debug */,
				A06CE42C1D489AB600E9EBEC /* Release */,
			);
			defaultConfigurationIsVisible = 0;
			defaultConfigurationName = Release;
		};
		A08D96DE1CF8DCB200877619 /* Build configuration list for PBXNativeTarget "IBKitTests" */ = {
			isa = XCConfigurationList;
			buildConfigurations = (
				A08D96DC1CF8DCB200877619 /* Debug */,
				A08D96DD1CF8DCB200877619 /* Release */,
			);
			defaultConfigurationIsVisible = 0;
			defaultConfigurationName = Release;
		};
		A0A754D11CEB909600D6D516 /* Build configuration list for PBXAggregateTarget "BuildFatFramework" */ = {
			isa = XCConfigurationList;
			buildConfigurations = (
				A0A754CF1CEB909600D6D516 /* Debug */,
				A0A754D01CEB909600D6D516 /* Release */,
			);
			defaultConfigurationIsVisible = 0;
			defaultConfigurationName = Release;
		};
		A0C526151CEAD2D400706104 /* Build configuration list for PBXProject "IBDemo" */ = {
			isa = XCConfigurationList;
			buildConfigurations = (
				A0C5262F1CEAD2D400706104 /* Debug */,
				A0C526301CEAD2D400706104 /* Release */,
			);
			defaultConfigurationIsVisible = 0;
			defaultConfigurationName = Release;
		};
		A0C526311CEAD2D400706104 /* Build configuration list for PBXNativeTarget "IBDemo" */ = {
			isa = XCConfigurationList;
			buildConfigurations = (
				A0C526321CEAD2D400706104 /* Debug */,
				A0C526331CEAD2D400706104 /* Release */,
			);
			defaultConfigurationIsVisible = 0;
			defaultConfigurationName = Release;
		};
		A0C526421CEAD2E000706104 /* Build configuration list for PBXNativeTarget "IBKit" */ = {
			isa = XCConfigurationList;
			buildConfigurations = (
				A0C526431CEAD2E000706104 /* Debug */,
				A0C526441CEAD2E000706104 /* Release */,
			);
			defaultConfigurationIsVisible = 0;
			defaultConfigurationName = Release;
		};
/* End XCConfigurationList section */
	};
	rootObject = A0C526121CEAD2D400706104 /* Project object */;
}
