// !$*UTF8*$!
{
	archiveVersion = 1;
	classes = {
	};
	objectVersion = 46;
	objects = {

/* Begin PBXAggregateTarget section */
		A019EC3D1C8784B100BD2ECB /* BuildFramework */ = {
			isa = PBXAggregateTarget;
			buildConfigurationList = A019EC401C8784B200BD2ECB /* Build configuration list for PBXAggregateTarget "BuildFramework" */;
			buildPhases = (
				A019EC411C8784B500BD2ECB /* ShellScript */,
			);
			dependencies = (
			);
			name = BuildFramework;
			productName = BuildFramework;
		};
/* End PBXAggregateTarget section */

/* Begin PBXBuildFile section */
		0B6723581C46CBF500AFE70F /* SpotlightKit.h in Headers */ = {isa = PBXBuildFile; fileRef = 0B6723571C46CBF500AFE70F /* SpotlightKit.h */; settings = {ATTRIBUTES = (Public, ); }; };
		0B6723631C46CECA00AFE70F /* UIColor+AppAdditions.h in Headers */ = {isa = PBXBuildFile; fileRef = 0B67235F1C46CECA00AFE70F /* UIColor+AppAdditions.h */; };
		0B6723641C46CECA00AFE70F /* UIColor+AppAdditions.m in Sources */ = {isa = PBXBuildFile; fileRef = 0B6723601C46CECA00AFE70F /* UIColor+AppAdditions.m */; };
		0B6723651C46CECA00AFE70F /* UIView+EasyAutoLayout.h in Headers */ = {isa = PBXBuildFile; fileRef = 0B6723611C46CECA00AFE70F /* UIView+EasyAutoLayout.h */; };
		0B6723661C46CECA00AFE70F /* UIView+EasyAutoLayout.m in Sources */ = {isa = PBXBuildFile; fileRef = 0B6723621C46CECA00AFE70F /* UIView+EasyAutoLayout.m */; };
		0B6723811C46CED700AFE70F /* MainSpotlightControllerViewController.h in Headers */ = {isa = PBXBuildFile; fileRef = 0B6723671C46CED700AFE70F /* MainSpotlightControllerViewController.h */; settings = {ATTRIBUTES = (Public, ); }; };
		0B6723821C46CED700AFE70F /* MainSpotlightControllerViewController.m in Sources */ = {isa = PBXBuildFile; fileRef = 0B6723681C46CED700AFE70F /* MainSpotlightControllerViewController.m */; };
		0B6723831C46CED700AFE70F /* Info.plist in Resources */ = {isa = PBXBuildFile; fileRef = 0B67236E1C46CED700AFE70F /* Info.plist */; };
		0B6723841C46CED700AFE70F /* OTKTextChatComponent.h in Headers */ = {isa = PBXBuildFile; fileRef = 0B6723701C46CED700AFE70F /* OTKTextChatComponent.h */; };
		0B6723851C46CED700AFE70F /* OTKTextChatComponent.m in Sources */ = {isa = PBXBuildFile; fileRef = 0B6723711C46CED700AFE70F /* OTKTextChatComponent.m */; };
		0B6723861C46CED700AFE70F /* OTKTextChatTableViewCell.h in Headers */ = {isa = PBXBuildFile; fileRef = 0B6723721C46CED700AFE70F /* OTKTextChatTableViewCell.h */; };
		0B6723871C46CED700AFE70F /* OTKTextChatTableViewCell.m in Sources */ = {isa = PBXBuildFile; fileRef = 0B6723731C46CED700AFE70F /* OTKTextChatTableViewCell.m */; };
		0B6723881C46CED700AFE70F /* OTKTextChatView.h in Headers */ = {isa = PBXBuildFile; fileRef = 0B6723741C46CED700AFE70F /* OTKTextChatView.h */; };
		0B6723891C46CED700AFE70F /* OTKTextChatView.m in Sources */ = {isa = PBXBuildFile; fileRef = 0B6723751C46CED700AFE70F /* OTKTextChatView.m */; };
		0B67238A1C46CED700AFE70F /* README.md in Sources */ = {isa = PBXBuildFile; fileRef = 0B6723761C46CED700AFE70F /* README.md */; };
		0B67238B1C46CED700AFE70F /* Reachability.h in Headers */ = {isa = PBXBuildFile; fileRef = 0B6723771C46CED700AFE70F /* Reachability.h */; };
		0B67238C1C46CED700AFE70F /* Reachability.m in Sources */ = {isa = PBXBuildFile; fileRef = 0B6723781C46CED700AFE70F /* Reachability.m */; };
		0B67238D1C46CED700AFE70F /* SIOSocket.h in Headers */ = {isa = PBXBuildFile; fileRef = 0B67237C1C46CED700AFE70F /* SIOSocket.h */; };
		0B67238E1C46CED700AFE70F /* SIOSocket.m in Sources */ = {isa = PBXBuildFile; fileRef = 0B67237D1C46CED700AFE70F /* SIOSocket.m */; };
		0B67238F1C46CED700AFE70F /* socket.io.js.h in Headers */ = {isa = PBXBuildFile; fileRef = 0B67237E1C46CED700AFE70F /* socket.io.js.h */; };
		0B6723901C46CED700AFE70F /* SpotlightApi.h in Headers */ = {isa = PBXBuildFile; fileRef = 0B67237F1C46CED700AFE70F /* SpotlightApi.h */; settings = {ATTRIBUTES = (Public, ); }; };
		0B6723911C46CED700AFE70F /* SpotlightApi.m in Sources */ = {isa = PBXBuildFile; fileRef = 0B6723801C46CED700AFE70F /* SpotlightApi.m */; };
		0B6723CC1C46CEE100AFE70F /* Alert.h in Headers */ = {isa = PBXBuildFile; fileRef = 0B67239C1C46CEE100AFE70F /* Alert.h */; };
		0B6723CD1C46CEE100AFE70F /* Alert.m in Sources */ = {isa = PBXBuildFile; fileRef = 0B67239D1C46CEE100AFE70F /* Alert.m */; };
		0B6723CE1C46CEE100AFE70F /* BackArrow-1.png in Resources */ = {isa = PBXBuildFile; fileRef = 0B67239F1C46CEE100AFE70F /* BackArrow-1.png */; };
		0B6723CF1C46CEE100AFE70F /* BackArrow-2.png in Resources */ = {isa = PBXBuildFile; fileRef = 0B6723A01C46CEE100AFE70F /* BackArrow-2.png */; };
		0B6723D01C46CEE100AFE70F /* BackArrow.png in Resources */ = {isa = PBXBuildFile; fileRef = 0B6723A11C46CEE100AFE70F /* BackArrow.png */; };
		0B6723D11C46CEE100AFE70F /* bg-graphic.png in Resources */ = {isa = PBXBuildFile; fileRef = 0B6723A21C46CEE100AFE70F /* bg-graphic.png */; };
		0B6723D21C46CEE100AFE70F /* EventCell.xib in Resources */ = {isa = PBXBuildFile; fileRef = 0B6723A31C46CEE100AFE70F /* EventCell.xib */; };
		0B6723D31C46CEE100AFE70F /* EventsViewController.xib in Resources */ = {isa = PBXBuildFile; fileRef = 0B6723A41C46CEE100AFE70F /* EventsViewController.xib */; };
		0B6723D41C46CEE100AFE70F /* EventViewController.xib in Resources */ = {isa = PBXBuildFile; fileRef = 0B6723A51C46CEE100AFE70F /* EventViewController.xib */; };
		0B6723D51C46CEE100AFE70F /* icon-bubble.png in Resources */ = {isa = PBXBuildFile; fileRef = 0B6723A61C46CEE100AFE70F /* icon-bubble.png */; };
		0B6723D61C46CEE100AFE70F /* icon-bubble@2x.png in Resources */ = {isa = PBXBuildFile; fileRef = 0B6723A71C46CEE100AFE70F /* icon-bubble@2x.png */; };
		0B6723D71C46CEE100AFE70F /* icon-check-circle.png in Resources */ = {isa = PBXBuildFile; fileRef = 0B6723A81C46CEE100AFE70F /* icon-check-circle.png */; };
		0B6723D81C46CEE100AFE70F /* icon-check-circle@2x.png in Resources */ = {isa = PBXBuildFile; fileRef = 0B6723A91C46CEE100AFE70F /* icon-check-circle@2x.png */; };
		0B6723D91C46CEE100AFE70F /* icon-check.png in Resources */ = {isa = PBXBuildFile; fileRef = 0B6723AA1C46CEE100AFE70F /* icon-check.png */; };
		0B6723DA1C46CEE100AFE70F /* icon-check@2x.png in Resources */ = {isa = PBXBuildFile; fileRef = 0B6723AB1C46CEE100AFE70F /* icon-check@2x.png */; };
		0B6723DB1C46CEE100AFE70F /* icon-close-circle.png in Resources */ = {isa = PBXBuildFile; fileRef = 0B6723AC1C46CEE100AFE70F /* icon-close-circle.png */; };
		0B6723DC1C46CEE100AFE70F /* icon-close-circle@2x.png in Resources */ = {isa = PBXBuildFile; fileRef = 0B6723AD1C46CEE100AFE70F /* icon-close-circle@2x.png */; };
		0B6723DD1C46CEE100AFE70F /* icon-close.png in Resources */ = {isa = PBXBuildFile; fileRef = 0B6723AE1C46CEE100AFE70F /* icon-close.png */; };
		0B6723DE1C46CEE100AFE70F /* icon-close@2x.png in Resources */ = {isa = PBXBuildFile; fileRef = 0B6723AF1C46CEE100AFE70F /* icon-close@2x.png */; };
		0B6723DF1C46CEE100AFE70F /* icon_sendMsgArrow_052015.png in Resources */ = {isa = PBXBuildFile; fileRef = 0B6723B01C46CEE100AFE70F /* icon_sendMsgArrow_052015.png */; };
		0B6723E01C46CEE100AFE70F /* MainSpotlightControllerViewController.xib in Resources */ = {isa = PBXBuildFile; fileRef = 0B6723B11C46CEE100AFE70F /* MainSpotlightControllerViewController.xib */; };
		0B6723E11C46CEE100AFE70F /* MainSpotlightView.xib in Resources */ = {isa = PBXBuildFile; fileRef = 0B6723B21C46CEE100AFE70F /* MainSpotlightView.xib */; };
		0B6723E21C46CEE100AFE70F /* Montserrat-Bold.ttf in Resources */ = {isa = PBXBuildFile; fileRef = 0B6723B31C46CEE100AFE70F /* Montserrat-Bold.ttf */; };
		0B6723E31C46CEE100AFE70F /* Montserrat-Regular.ttf in Resources */ = {isa = PBXBuildFile; fileRef = 0B6723B41C46CEE100AFE70F /* Montserrat-Regular.ttf */; };
		0B6723E41C46CEE100AFE70F /* OTKTextChatComponent.xib in Resources */ = {isa = PBXBuildFile; fileRef = 0B6723B51C46CEE100AFE70F /* OTKTextChatComponent.xib */; };
		0B6723E51C46CEE100AFE70F /* OTKTextChatDivTableViewCell.xib in Resources */ = {isa = PBXBuildFile; fileRef = 0B6723B61C46CEE100AFE70F /* OTKTextChatDivTableViewCell.xib */; };
		0B6723E61C46CEE100AFE70F /* OTKTextChatRecvShortTableViewCell.xib in Resources */ = {isa = PBXBuildFile; fileRef = 0B6723B71C46CEE100AFE70F /* OTKTextChatRecvShortTableViewCell.xib */; };
		0B6723E71C46CEE100AFE70F /* OTKTextChatRecvTableViewCell.xib in Resources */ = {isa = PBXBuildFile; fileRef = 0B6723B81C46CEE100AFE70F /* OTKTextChatRecvTableViewCell.xib */; };
		0B6723E81C46CEE100AFE70F /* OTKTextChatSentShortTableViewCell.xib in Resources */ = {isa = PBXBuildFile; fileRef = 0B6723B91C46CEE100AFE70F /* OTKTextChatSentShortTableViewCell.xib */; };
		0B6723E91C46CEE100AFE70F /* OTKTextChatSentTableViewCell.xib in Resources */ = {isa = PBXBuildFile; fileRef = 0B6723BA1C46CEE100AFE70F /* OTKTextChatSentTableViewCell.xib */; };
		0B6723EA1C46CEE100AFE70F /* recv-arrow.png in Resources */ = {isa = PBXBuildFile; fileRef = 0B6723BB1C46CEE100AFE70F /* recv-arrow.png */; };
		0B6723EB1C46CEE100AFE70F /* recv-arrow@2x.png in Resources */ = {isa = PBXBuildFile; fileRef = 0B6723BC1C46CEE100AFE70F /* recv-arrow@2x.png */; };
		0B6723EC1C46CEE100AFE70F /* sent-arrow.png in Resources */ = {isa = PBXBuildFile; fileRef = 0B6723BD1C46CEE100AFE70F /* sent-arrow.png */; };
		0B6723ED1C46CEE100AFE70F /* sent-arrow@2x.png in Resources */ = {isa = PBXBuildFile; fileRef = 0B6723BE1C46CEE100AFE70F /* sent-arrow@2x.png */; };
		0B6723EE1C46CEE100AFE70F /* dataButton.h in Headers */ = {isa = PBXBuildFile; fileRef = 0B6723BF1C46CEE100AFE70F /* dataButton.h */; settings = {ATTRIBUTES = (Public, ); }; };
		0B6723EF1C46CEE100AFE70F /* dataButton.m in Sources */ = {isa = PBXBuildFile; fileRef = 0B6723C01C46CEE100AFE70F /* dataButton.m */; };
		0B6723F01C46CEE100AFE70F /* DGActivityIndicatorFiveDotsAnimation.h in Headers */ = {isa = PBXBuildFile; fileRef = 0B6723C31C46CEE100AFE70F /* DGActivityIndicatorFiveDotsAnimation.h */; };
		0B6723F11C46CEE100AFE70F /* DGActivityIndicatorFiveDotsAnimation.m in Sources */ = {isa = PBXBuildFile; fileRef = 0B6723C41C46CEE100AFE70F /* DGActivityIndicatorFiveDotsAnimation.m */; };
		0B6723F21C46CEE100AFE70F /* DGActivityIndicatorAnimationProtocol.h in Headers */ = {isa = PBXBuildFile; fileRef = 0B6723C51C46CEE100AFE70F /* DGActivityIndicatorAnimationProtocol.h */; };
		0B6723F31C46CEE100AFE70F /* DGActivityIndicatorView.h in Headers */ = {isa = PBXBuildFile; fileRef = 0B6723C61C46CEE100AFE70F /* DGActivityIndicatorView.h */; };
		0B6723F41C46CEE100AFE70F /* DGActivityIndicatorView.m in Sources */ = {isa = PBXBuildFile; fileRef = 0B6723C71C46CEE100AFE70F /* DGActivityIndicatorView.m */; };
		0B6723F51C46CEE100AFE70F /* EventsViewController.h in Headers */ = {isa = PBXBuildFile; fileRef = 0B6723C81C46CEE100AFE70F /* EventsViewController.h */; settings = {ATTRIBUTES = (Public, ); }; };
		0B6723F61C46CEE100AFE70F /* EventsViewController.m in Sources */ = {isa = PBXBuildFile; fileRef = 0B6723C91C46CEE100AFE70F /* EventsViewController.m */; };
		0B6723F71C46CEE100AFE70F /* EventViewController.h in Headers */ = {isa = PBXBuildFile; fileRef = 0B6723CA1C46CEE100AFE70F /* EventViewController.h */; settings = {ATTRIBUTES = (Public, ); }; };
		0B6723F81C46CEE100AFE70F /* EventViewController.m in Sources */ = {isa = PBXBuildFile; fileRef = 0B6723CB1C46CEE100AFE70F /* EventViewController.m */; };
		A019EA311C876F4900BD2ECB /* OTAudioDeviceManager.html in Resources */ = {isa = PBXBuildFile; fileRef = A019E9EE1C876F4800BD2ECB /* OTAudioDeviceManager.html */; };
		A019EA321C876F4900BD2ECB /* OTAudioFormat.html in Resources */ = {isa = PBXBuildFile; fileRef = A019E9EF1C876F4800BD2ECB /* OTAudioFormat.html */; };
		A019EA331C876F4900BD2ECB /* OTConnection.html in Resources */ = {isa = PBXBuildFile; fileRef = A019E9F01C876F4800BD2ECB /* OTConnection.html */; };
		A019EA341C876F4900BD2ECB /* OTError.html in Resources */ = {isa = PBXBuildFile; fileRef = A019E9F11C876F4800BD2ECB /* OTError.html */; };
		A019EA351C876F4900BD2ECB /* OTPublisher.html in Resources */ = {isa = PBXBuildFile; fileRef = A019E9F21C876F4800BD2ECB /* OTPublisher.html */; };
		A019EA361C876F4900BD2ECB /* OTPublisherKit.html in Resources */ = {isa = PBXBuildFile; fileRef = A019E9F31C876F4800BD2ECB /* OTPublisherKit.html */; };
		A019EA371C876F4900BD2ECB /* OTSession.html in Resources */ = {isa = PBXBuildFile; fileRef = A019E9F41C876F4800BD2ECB /* OTSession.html */; };
		A019EA381C876F4900BD2ECB /* OTStream.html in Resources */ = {isa = PBXBuildFile; fileRef = A019E9F51C876F4800BD2ECB /* OTStream.html */; };
		A019EA391C876F4900BD2ECB /* OTSubscriber.html in Resources */ = {isa = PBXBuildFile; fileRef = A019E9F61C876F4800BD2ECB /* OTSubscriber.html */; };
		A019EA3A1C876F4900BD2ECB /* OTSubscriberKit.html in Resources */ = {isa = PBXBuildFile; fileRef = A019E9F71C876F4800BD2ECB /* OTSubscriberKit.html */; };
		A019EA3B1C876F4900BD2ECB /* OTSubscriberKitAudioNetworkStats.html in Resources */ = {isa = PBXBuildFile; fileRef = A019E9F81C876F4800BD2ECB /* OTSubscriberKitAudioNetworkStats.html */; };
		A019EA3C1C876F4900BD2ECB /* OTSubscriberKitVideoNetworkStats.html in Resources */ = {isa = PBXBuildFile; fileRef = A019E9F91C876F4800BD2ECB /* OTSubscriberKitVideoNetworkStats.html */; };
		A019EA3D1C876F4900BD2ECB /* OTVideoFormat.html in Resources */ = {isa = PBXBuildFile; fileRef = A019E9FA1C876F4800BD2ECB /* OTVideoFormat.html */; };
		A019EA3E1C876F4900BD2ECB /* OTVideoFrame.html in Resources */ = {isa = PBXBuildFile; fileRef = A019E9FB1C876F4800BD2ECB /* OTVideoFrame.html */; };
		A019EA3F1C876F4900BD2ECB /* OTCameraCaptureFrameRate.html in Resources */ = {isa = PBXBuildFile; fileRef = A019E9FD1C876F4800BD2ECB /* OTCameraCaptureFrameRate.html */; };
		A019EA401C876F4900BD2ECB /* OTCameraCaptureResolution.html in Resources */ = {isa = PBXBuildFile; fileRef = A019E9FE1C876F4800BD2ECB /* OTCameraCaptureResolution.html */; };
		A019EA411C876F4900BD2ECB /* OTPixelFormat.html in Resources */ = {isa = PBXBuildFile; fileRef = A019E9FF1C876F4800BD2ECB /* OTPixelFormat.html */; };
		A019EA421C876F4900BD2ECB /* OTPublisherErrorCode.html in Resources */ = {isa = PBXBuildFile; fileRef = A019EA001C876F4800BD2ECB /* OTPublisherErrorCode.html */; };
		A019EA431C876F4900BD2ECB /* OTPublisherKitVideoType.html in Resources */ = {isa = PBXBuildFile; fileRef = A019EA011C876F4800BD2ECB /* OTPublisherKitVideoType.html */; };
		A019EA441C876F4900BD2ECB /* OTSessionConnectionStatus.html in Resources */ = {isa = PBXBuildFile; fileRef = A019EA021C876F4800BD2ECB /* OTSessionConnectionStatus.html */; };
		A019EA451C876F4900BD2ECB /* OTSessionErrorCode.html in Resources */ = {isa = PBXBuildFile; fileRef = A019EA031C876F4800BD2ECB /* OTSessionErrorCode.html */; };
		A019EA461C876F4900BD2ECB /* OTStreamVideoType.html in Resources */ = {isa = PBXBuildFile; fileRef = A019EA041C876F4800BD2ECB /* OTStreamVideoType.html */; };
		A019EA471C876F4900BD2ECB /* OTSubscriberErrorCode.html in Resources */ = {isa = PBXBuildFile; fileRef = A019EA051C876F4800BD2ECB /* OTSubscriberErrorCode.html */; };
		A019EA481C876F4900BD2ECB /* OTSubscriberVideoEventReason.html in Resources */ = {isa = PBXBuildFile; fileRef = A019EA061C876F4800BD2ECB /* OTSubscriberVideoEventReason.html */; };
		A019EA491C876F4900BD2ECB /* OTVideoOrientation.html in Resources */ = {isa = PBXBuildFile; fileRef = A019EA071C876F4800BD2ECB /* OTVideoOrientation.html */; };
		A019EA4A1C876F4900BD2ECB /* OTVideoViewScaleBehavior.html in Resources */ = {isa = PBXBuildFile; fileRef = A019EA081C876F4800BD2ECB /* OTVideoViewScaleBehavior.html */; };
		A019EA4B1C876F4900BD2ECB /* _index.scss in Resources */ = {isa = PBXBuildFile; fileRef = A019EA0B1C876F4800BD2ECB /* _index.scss */; };
		A019EA4C1C876F4900BD2ECB /* _layout.scss in Resources */ = {isa = PBXBuildFile; fileRef = A019EA0C1C876F4800BD2ECB /* _layout.scss */; };
		A019EA4D1C876F4900BD2ECB /* _normalize.scss in Resources */ = {isa = PBXBuildFile; fileRef = A019EA0D1C876F4800BD2ECB /* _normalize.scss */; };
		A019EA4E1C876F4900BD2ECB /* _object.scss in Resources */ = {isa = PBXBuildFile; fileRef = A019EA0E1C876F4900BD2ECB /* _object.scss */; };
		A019EA4F1C876F4900BD2ECB /* _print.scss in Resources */ = {isa = PBXBuildFile; fileRef = A019EA0F1C876F4900BD2ECB /* _print.scss */; };
		A019EA501C876F4900BD2ECB /* _variables.scss in Resources */ = {isa = PBXBuildFile; fileRef = A019EA101C876F4900BD2ECB /* _variables.scss */; };
		A019EA511C876F4900BD2ECB /* _xcode.scss in Resources */ = {isa = PBXBuildFile; fileRef = A019EA111C876F4900BD2ECB /* _xcode.scss */; };
		A019EA521C876F4900BD2ECB /* style.scss in Resources */ = {isa = PBXBuildFile; fileRef = A019EA121C876F4900BD2ECB /* style.scss */; };
		A019EA531C876F4900BD2ECB /* style.css in Resources */ = {isa = PBXBuildFile; fileRef = A019EA131C876F4900BD2ECB /* style.css */; };
		A019EA541C876F4900BD2ECB /* hierarchy.html in Resources */ = {isa = PBXBuildFile; fileRef = A019EA141C876F4900BD2ECB /* hierarchy.html */; };
		A019EA551C876F4900BD2ECB /* button_bar_background.png in Resources */ = {isa = PBXBuildFile; fileRef = A019EA161C876F4900BD2ECB /* button_bar_background.png */; };
		A019EA561C876F4900BD2ECB /* disclosure.png in Resources */ = {isa = PBXBuildFile; fileRef = A019EA171C876F4900BD2ECB /* disclosure.png */; };
		A019EA571C876F4900BD2ECB /* disclosure_open.png in Resources */ = {isa = PBXBuildFile; fileRef = A019EA181C876F4900BD2ECB /* disclosure_open.png */; };
		A019EA581C876F4900BD2ECB /* library_background.png in Resources */ = {isa = PBXBuildFile; fileRef = A019EA191C876F4900BD2ECB /* library_background.png */; };
		A019EA591C876F4900BD2ECB /* title_background.png in Resources */ = {isa = PBXBuildFile; fileRef = A019EA1A1C876F4900BD2ECB /* title_background.png */; };
		A019EA5A1C876F4900BD2ECB /* index.html in Resources */ = {isa = PBXBuildFile; fileRef = A019EA1B1C876F4900BD2ECB /* index.html */; };
		A019EA5B1C876F4900BD2ECB /* script.js in Resources */ = {isa = PBXBuildFile; fileRef = A019EA1D1C876F4900BD2ECB /* script.js */; };
		A019EA5C1C876F4900BD2ECB /* OTAudioBus.html in Resources */ = {isa = PBXBuildFile; fileRef = A019EA1F1C876F4900BD2ECB /* OTAudioBus.html */; };
		A019EA5D1C876F4900BD2ECB /* OTAudioDevice.html in Resources */ = {isa = PBXBuildFile; fileRef = A019EA201C876F4900BD2ECB /* OTAudioDevice.html */; };
		A019EA5E1C876F4900BD2ECB /* OTPublisherDelegate.html in Resources */ = {isa = PBXBuildFile; fileRef = A019EA211C876F4900BD2ECB /* OTPublisherDelegate.html */; };
		A019EA5F1C876F4900BD2ECB /* OTPublisherKitAudioLevelDelegate.html in Resources */ = {isa = PBXBuildFile; fileRef = A019EA221C876F4900BD2ECB /* OTPublisherKitAudioLevelDelegate.html */; };
		A019EA601C876F4900BD2ECB /* OTPublisherKitDelegate.html in Resources */ = {isa = PBXBuildFile; fileRef = A019EA231C876F4900BD2ECB /* OTPublisherKitDelegate.html */; };
		A019EA611C876F4900BD2ECB /* OTSessionDelegate.html in Resources */ = {isa = PBXBuildFile; fileRef = A019EA241C876F4900BD2ECB /* OTSessionDelegate.html */; };
		A019EA621C876F4900BD2ECB /* OTSubscriberDelegate.html in Resources */ = {isa = PBXBuildFile; fileRef = A019EA251C876F4900BD2ECB /* OTSubscriberDelegate.html */; };
		A019EA631C876F4900BD2ECB /* OTSubscriberKitAudioLevelDelegate.html in Resources */ = {isa = PBXBuildFile; fileRef = A019EA261C876F4900BD2ECB /* OTSubscriberKitAudioLevelDelegate.html */; };
		A019EA641C876F4900BD2ECB /* OTSubscriberKitDelegate.html in Resources */ = {isa = PBXBuildFile; fileRef = A019EA271C876F4900BD2ECB /* OTSubscriberKitDelegate.html */; };
		A019EA651C876F4900BD2ECB /* OTSubscriberKitNetworkStatsDelegate.html in Resources */ = {isa = PBXBuildFile; fileRef = A019EA281C876F4900BD2ECB /* OTSubscriberKitNetworkStatsDelegate.html */; };
		A019EA661C876F4900BD2ECB /* OTVideoCapture.html in Resources */ = {isa = PBXBuildFile; fileRef = A019EA291C876F4900BD2ECB /* OTVideoCapture.html */; };
		A019EA671C876F4900BD2ECB /* OTVideoCaptureConsumer.html in Resources */ = {isa = PBXBuildFile; fileRef = A019EA2A1C876F4900BD2ECB /* OTVideoCaptureConsumer.html */; };
		A019EA681C876F4900BD2ECB /* OTVideoRender.html in Resources */ = {isa = PBXBuildFile; fileRef = A019EA2B1C876F4900BD2ECB /* OTVideoRender.html */; };
		A019EA691C876F4900BD2ECB /* LICENSE in Resources */ = {isa = PBXBuildFile; fileRef = A019EA2C1C876F4900BD2ECB /* LICENSE */; };
		A019EA6A1C876F4900BD2ECB /* NOTICE in Resources */ = {isa = PBXBuildFile; fileRef = A019EA2D1C876F4900BD2ECB /* NOTICE */; };
		A019EA6B1C876F4900BD2ECB /* OpenTok.framework in Frameworks */ = {isa = PBXBuildFile; fileRef = A019EA2E1C876F4900BD2ECB /* OpenTok.framework */; };
		A019EA6C1C876F4900BD2ECB /* README.md in Sources */ = {isa = PBXBuildFile; fileRef = A019EA2F1C876F4900BD2ECB /* README.md */; };
		A019EA6D1C876F4900BD2ECB /* release-notes.md in Sources */ = {isa = PBXBuildFile; fileRef = A019EA301C876F4900BD2ECB /* release-notes.md */; };
		A019EA7D1C876FC100BD2ECB /* AudioToolbox.framework in Frameworks */ = {isa = PBXBuildFile; fileRef = A019EA6E1C876FC100BD2ECB /* AudioToolbox.framework */; };
		A019EA7E1C876FC100BD2ECB /* AVFoundation.framework in Frameworks */ = {isa = PBXBuildFile; fileRef = A019EA6F1C876FC100BD2ECB /* AVFoundation.framework */; };
		A019EA7F1C876FC100BD2ECB /* CoreGraphics.framework in Frameworks */ = {isa = PBXBuildFile; fileRef = A019EA701C876FC100BD2ECB /* CoreGraphics.framework */; };
		A019EA801C876FC100BD2ECB /* CoreMedia.framework in Frameworks */ = {isa = PBXBuildFile; fileRef = A019EA711C876FC100BD2ECB /* CoreMedia.framework */; };
		A019EA811C876FC100BD2ECB /* CoreTelephony.framework in Frameworks */ = {isa = PBXBuildFile; fileRef = A019EA721C876FC100BD2ECB /* CoreTelephony.framework */; };
		A019EA821C876FC100BD2ECB /* CoreVideo.framework in Frameworks */ = {isa = PBXBuildFile; fileRef = A019EA731C876FC100BD2ECB /* CoreVideo.framework */; };
		A019EA831C876FC100BD2ECB /* Foundation.framework in Frameworks */ = {isa = PBXBuildFile; fileRef = A019EA741C876FC100BD2ECB /* Foundation.framework */; };
		A019EA841C876FC100BD2ECB /* GLKit.framework in Frameworks */ = {isa = PBXBuildFile; fileRef = A019EA751C876FC100BD2ECB /* GLKit.framework */; };
		A019EA851C876FC100BD2ECB /* libc++.tbd in Frameworks */ = {isa = PBXBuildFile; fileRef = A019EA761C876FC100BD2ECB /* libc++.tbd */; };
		A019EA861C876FC100BD2ECB /* libsqlite3.tbd in Frameworks */ = {isa = PBXBuildFile; fileRef = A019EA771C876FC100BD2ECB /* libsqlite3.tbd */; };
		A019EA871C876FC100BD2ECB /* OpenGLES.framework in Frameworks */ = {isa = PBXBuildFile; fileRef = A019EA781C876FC100BD2ECB /* OpenGLES.framework */; };
		A019EA881C876FC100BD2ECB /* QuartzCore.framework in Frameworks */ = {isa = PBXBuildFile; fileRef = A019EA791C876FC100BD2ECB /* QuartzCore.framework */; };
		A019EA891C876FC100BD2ECB /* SystemConfiguration.framework in Frameworks */ = {isa = PBXBuildFile; fileRef = A019EA7A1C876FC100BD2ECB /* SystemConfiguration.framework */; };
		A019EA8A1C876FC100BD2ECB /* UIKit.framework in Frameworks */ = {isa = PBXBuildFile; fileRef = A019EA7B1C876FC100BD2ECB /* UIKit.framework */; };
		A019EA8B1C876FC100BD2ECB /* VideoToolbox.framework in Frameworks */ = {isa = PBXBuildFile; fileRef = A019EA7C1C876FC100BD2ECB /* VideoToolbox.framework */; };
/* End PBXBuildFile section */

/* Begin PBXContainerItemProxy section */
		0B6723961C46CED700AFE70F /* PBXContainerItemProxy */ = {
			isa = PBXContainerItemProxy;
			containerPortal = 0B67236A1C46CED700AFE70F /* OTKTextChat.xcodeproj */;
			proxyType = 2;
			remoteGlobalIDString = D79756BB1B1F73620022B7B9;
			remoteInfo = OTKTextChat_library;
		};
		0B6723981C46CED700AFE70F /* PBXContainerItemProxy */ = {
			isa = PBXContainerItemProxy;
			containerPortal = 0B67236A1C46CED700AFE70F /* OTKTextChat.xcodeproj */;
			proxyType = 2;
			remoteGlobalIDString = D79756D91B1F74690022B7B9;
			remoteInfo = OTKTextChatBundle;
		};
		0B67239A1C46CED700AFE70F /* PBXContainerItemProxy */ = {
			isa = PBXContainerItemProxy;
			containerPortal = 0B67236A1C46CED700AFE70F /* OTKTextChat.xcodeproj */;
			proxyType = 2;
			remoteGlobalIDString = D74724CC1B591F7C00D438B3;
			remoteInfo = OpenTokUI;
		};
/* End PBXContainerItemProxy section */

/* Begin PBXFileReference section */
		0B6723541C46CBF500AFE70F /* SpotlightKit.framework */ = {isa = PBXFileReference; explicitFileType = wrapper.framework; includeInIndex = 0; path = SpotlightKit.framework; sourceTree = BUILT_PRODUCTS_DIR; };
		0B6723571C46CBF500AFE70F /* SpotlightKit.h */ = {isa = PBXFileReference; lastKnownFileType = sourcecode.c.h; path = SpotlightKit.h; sourceTree = "<group>"; };
		0B6723591C46CBF500AFE70F /* Info.plist */ = {isa = PBXFileReference; lastKnownFileType = text.plist.xml; path = Info.plist; sourceTree = "<group>"; };
		0B67235F1C46CECA00AFE70F /* UIColor+AppAdditions.h */ = {isa = PBXFileReference; fileEncoding = 4; lastKnownFileType = sourcecode.c.h; path = "UIColor+AppAdditions.h"; sourceTree = "<group>"; };
		0B6723601C46CECA00AFE70F /* UIColor+AppAdditions.m */ = {isa = PBXFileReference; fileEncoding = 4; lastKnownFileType = sourcecode.c.objc; path = "UIColor+AppAdditions.m"; sourceTree = "<group>"; };
		0B6723611C46CECA00AFE70F /* UIView+EasyAutoLayout.h */ = {isa = PBXFileReference; fileEncoding = 4; lastKnownFileType = sourcecode.c.h; path = "UIView+EasyAutoLayout.h"; sourceTree = "<group>"; };
		0B6723621C46CECA00AFE70F /* UIView+EasyAutoLayout.m */ = {isa = PBXFileReference; fileEncoding = 4; lastKnownFileType = sourcecode.c.objc; path = "UIView+EasyAutoLayout.m"; sourceTree = "<group>"; };
		0B6723671C46CED700AFE70F /* MainSpotlightControllerViewController.h */ = {isa = PBXFileReference; fileEncoding = 4; lastKnownFileType = sourcecode.c.h; path = MainSpotlightControllerViewController.h; sourceTree = "<group>"; };
		0B6723681C46CED700AFE70F /* MainSpotlightControllerViewController.m */ = {isa = PBXFileReference; fileEncoding = 4; lastKnownFileType = sourcecode.c.objc; path = MainSpotlightControllerViewController.m; sourceTree = "<group>"; };
		0B67236A1C46CED700AFE70F /* OTKTextChat.xcodeproj */ = {isa = PBXFileReference; lastKnownFileType = "wrapper.pb-project"; path = OTKTextChat.xcodeproj; sourceTree = "<group>"; };
		0B67236E1C46CED700AFE70F /* Info.plist */ = {isa = PBXFileReference; fileEncoding = 4; lastKnownFileType = text.plist.xml; path = Info.plist; sourceTree = "<group>"; };
		0B6723701C46CED700AFE70F /* OTKTextChatComponent.h */ = {isa = PBXFileReference; fileEncoding = 4; lastKnownFileType = sourcecode.c.h; path = OTKTextChatComponent.h; sourceTree = "<group>"; };
		0B6723711C46CED700AFE70F /* OTKTextChatComponent.m */ = {isa = PBXFileReference; fileEncoding = 4; lastKnownFileType = sourcecode.c.objc; path = OTKTextChatComponent.m; sourceTree = "<group>"; };
		0B6723721C46CED700AFE70F /* OTKTextChatTableViewCell.h */ = {isa = PBXFileReference; fileEncoding = 4; lastKnownFileType = sourcecode.c.h; path = OTKTextChatTableViewCell.h; sourceTree = "<group>"; };
		0B6723731C46CED700AFE70F /* OTKTextChatTableViewCell.m */ = {isa = PBXFileReference; fileEncoding = 4; lastKnownFileType = sourcecode.c.objc; path = OTKTextChatTableViewCell.m; sourceTree = "<group>"; };
		0B6723741C46CED700AFE70F /* OTKTextChatView.h */ = {isa = PBXFileReference; fileEncoding = 4; lastKnownFileType = sourcecode.c.h; path = OTKTextChatView.h; sourceTree = "<group>"; };
		0B6723751C46CED700AFE70F /* OTKTextChatView.m */ = {isa = PBXFileReference; fileEncoding = 4; lastKnownFileType = sourcecode.c.objc; path = OTKTextChatView.m; sourceTree = "<group>"; };
		0B6723761C46CED700AFE70F /* README.md */ = {isa = PBXFileReference; fileEncoding = 4; lastKnownFileType = net.daringfireball.markdown; path = README.md; sourceTree = "<group>"; };
		0B6723771C46CED700AFE70F /* Reachability.h */ = {isa = PBXFileReference; fileEncoding = 4; lastKnownFileType = sourcecode.c.h; path = Reachability.h; sourceTree = "<group>"; };
		0B6723781C46CED700AFE70F /* Reachability.m */ = {isa = PBXFileReference; fileEncoding = 4; lastKnownFileType = sourcecode.c.objc; path = Reachability.m; sourceTree = "<group>"; };
		0B67237C1C46CED700AFE70F /* SIOSocket.h */ = {isa = PBXFileReference; fileEncoding = 4; lastKnownFileType = sourcecode.c.h; path = SIOSocket.h; sourceTree = "<group>"; };
		0B67237D1C46CED700AFE70F /* SIOSocket.m */ = {isa = PBXFileReference; fileEncoding = 4; lastKnownFileType = sourcecode.c.objc; path = SIOSocket.m; sourceTree = "<group>"; };
		0B67237E1C46CED700AFE70F /* socket.io.js.h */ = {isa = PBXFileReference; fileEncoding = 4; lastKnownFileType = sourcecode.c.h; path = socket.io.js.h; sourceTree = "<group>"; };
		0B67237F1C46CED700AFE70F /* SpotlightApi.h */ = {isa = PBXFileReference; fileEncoding = 4; lastKnownFileType = sourcecode.c.h; path = SpotlightApi.h; sourceTree = "<group>"; };
		0B6723801C46CED700AFE70F /* SpotlightApi.m */ = {isa = PBXFileReference; fileEncoding = 4; lastKnownFileType = sourcecode.c.objc; path = SpotlightApi.m; sourceTree = "<group>"; };
		0B67239C1C46CEE100AFE70F /* Alert.h */ = {isa = PBXFileReference; fileEncoding = 4; lastKnownFileType = sourcecode.c.h; path = Alert.h; sourceTree = "<group>"; };
		0B67239D1C46CEE100AFE70F /* Alert.m */ = {isa = PBXFileReference; fileEncoding = 4; lastKnownFileType = sourcecode.c.objc; path = Alert.m; sourceTree = "<group>"; };
		0B67239F1C46CEE100AFE70F /* BackArrow-1.png */ = {isa = PBXFileReference; lastKnownFileType = image.png; path = "BackArrow-1.png"; sourceTree = "<group>"; };
		0B6723A01C46CEE100AFE70F /* BackArrow-2.png */ = {isa = PBXFileReference; lastKnownFileType = image.png; path = "BackArrow-2.png"; sourceTree = "<group>"; };
		0B6723A11C46CEE100AFE70F /* BackArrow.png */ = {isa = PBXFileReference; lastKnownFileType = image.png; path = BackArrow.png; sourceTree = "<group>"; };
		0B6723A21C46CEE100AFE70F /* bg-graphic.png */ = {isa = PBXFileReference; lastKnownFileType = image.png; path = "bg-graphic.png"; sourceTree = "<group>"; };
		0B6723A31C46CEE100AFE70F /* EventCell.xib */ = {isa = PBXFileReference; fileEncoding = 4; lastKnownFileType = file.xib; path = EventCell.xib; sourceTree = "<group>"; };
		0B6723A41C46CEE100AFE70F /* EventsViewController.xib */ = {isa = PBXFileReference; fileEncoding = 4; lastKnownFileType = file.xib; path = EventsViewController.xib; sourceTree = "<group>"; };
		0B6723A51C46CEE100AFE70F /* EventViewController.xib */ = {isa = PBXFileReference; fileEncoding = 4; lastKnownFileType = file.xib; path = EventViewController.xib; sourceTree = "<group>"; };
		0B6723A61C46CEE100AFE70F /* icon-bubble.png */ = {isa = PBXFileReference; lastKnownFileType = image.png; path = "icon-bubble.png"; sourceTree = "<group>"; };
		0B6723A71C46CEE100AFE70F /* icon-bubble@2x.png */ = {isa = PBXFileReference; lastKnownFileType = image.png; path = "icon-bubble@2x.png"; sourceTree = "<group>"; };
		0B6723A81C46CEE100AFE70F /* icon-check-circle.png */ = {isa = PBXFileReference; lastKnownFileType = image.png; path = "icon-check-circle.png"; sourceTree = "<group>"; };
		0B6723A91C46CEE100AFE70F /* icon-check-circle@2x.png */ = {isa = PBXFileReference; lastKnownFileType = image.png; path = "icon-check-circle@2x.png"; sourceTree = "<group>"; };
		0B6723AA1C46CEE100AFE70F /* icon-check.png */ = {isa = PBXFileReference; lastKnownFileType = image.png; path = "icon-check.png"; sourceTree = "<group>"; };
		0B6723AB1C46CEE100AFE70F /* icon-check@2x.png */ = {isa = PBXFileReference; lastKnownFileType = image.png; path = "icon-check@2x.png"; sourceTree = "<group>"; };
		0B6723AC1C46CEE100AFE70F /* icon-close-circle.png */ = {isa = PBXFileReference; lastKnownFileType = image.png; path = "icon-close-circle.png"; sourceTree = "<group>"; };
		0B6723AD1C46CEE100AFE70F /* icon-close-circle@2x.png */ = {isa = PBXFileReference; lastKnownFileType = image.png; path = "icon-close-circle@2x.png"; sourceTree = "<group>"; };
		0B6723AE1C46CEE100AFE70F /* icon-close.png */ = {isa = PBXFileReference; lastKnownFileType = image.png; path = "icon-close.png"; sourceTree = "<group>"; };
		0B6723AF1C46CEE100AFE70F /* icon-close@2x.png */ = {isa = PBXFileReference; lastKnownFileType = image.png; path = "icon-close@2x.png"; sourceTree = "<group>"; };
		0B6723B01C46CEE100AFE70F /* icon_sendMsgArrow_052015.png */ = {isa = PBXFileReference; lastKnownFileType = image.png; path = icon_sendMsgArrow_052015.png; sourceTree = "<group>"; };
		0B6723B11C46CEE100AFE70F /* MainSpotlightControllerViewController.xib */ = {isa = PBXFileReference; fileEncoding = 4; lastKnownFileType = file.xib; path = MainSpotlightControllerViewController.xib; sourceTree = "<group>"; };
		0B6723B21C46CEE100AFE70F /* MainSpotlightView.xib */ = {isa = PBXFileReference; fileEncoding = 4; lastKnownFileType = file.xib; path = MainSpotlightView.xib; sourceTree = "<group>"; };
		0B6723B31C46CEE100AFE70F /* Montserrat-Bold.ttf */ = {isa = PBXFileReference; lastKnownFileType = file; path = "Montserrat-Bold.ttf"; sourceTree = "<group>"; };
		0B6723B41C46CEE100AFE70F /* Montserrat-Regular.ttf */ = {isa = PBXFileReference; lastKnownFileType = file; path = "Montserrat-Regular.ttf"; sourceTree = "<group>"; };
		0B6723B51C46CEE100AFE70F /* OTKTextChatComponent.xib */ = {isa = PBXFileReference; fileEncoding = 4; lastKnownFileType = file.xib; path = OTKTextChatComponent.xib; sourceTree = "<group>"; };
		0B6723B61C46CEE100AFE70F /* OTKTextChatDivTableViewCell.xib */ = {isa = PBXFileReference; fileEncoding = 4; lastKnownFileType = file.xib; path = OTKTextChatDivTableViewCell.xib; sourceTree = "<group>"; };
		0B6723B71C46CEE100AFE70F /* OTKTextChatRecvShortTableViewCell.xib */ = {isa = PBXFileReference; fileEncoding = 4; lastKnownFileType = file.xib; path = OTKTextChatRecvShortTableViewCell.xib; sourceTree = "<group>"; };
		0B6723B81C46CEE100AFE70F /* OTKTextChatRecvTableViewCell.xib */ = {isa = PBXFileReference; fileEncoding = 4; lastKnownFileType = file.xib; path = OTKTextChatRecvTableViewCell.xib; sourceTree = "<group>"; };
		0B6723B91C46CEE100AFE70F /* OTKTextChatSentShortTableViewCell.xib */ = {isa = PBXFileReference; fileEncoding = 4; lastKnownFileType = file.xib; path = OTKTextChatSentShortTableViewCell.xib; sourceTree = "<group>"; };
		0B6723BA1C46CEE100AFE70F /* OTKTextChatSentTableViewCell.xib */ = {isa = PBXFileReference; fileEncoding = 4; lastKnownFileType = file.xib; path = OTKTextChatSentTableViewCell.xib; sourceTree = "<group>"; };
		0B6723BB1C46CEE100AFE70F /* recv-arrow.png */ = {isa = PBXFileReference; lastKnownFileType = image.png; path = "recv-arrow.png"; sourceTree = "<group>"; };
		0B6723BC1C46CEE100AFE70F /* recv-arrow@2x.png */ = {isa = PBXFileReference; lastKnownFileType = image.png; path = "recv-arrow@2x.png"; sourceTree = "<group>"; };
		0B6723BD1C46CEE100AFE70F /* sent-arrow.png */ = {isa = PBXFileReference; lastKnownFileType = image.png; path = "sent-arrow.png"; sourceTree = "<group>"; };
		0B6723BE1C46CEE100AFE70F /* sent-arrow@2x.png */ = {isa = PBXFileReference; lastKnownFileType = image.png; path = "sent-arrow@2x.png"; sourceTree = "<group>"; };
		0B6723BF1C46CEE100AFE70F /* dataButton.h */ = {isa = PBXFileReference; fileEncoding = 4; lastKnownFileType = sourcecode.c.h; path = dataButton.h; sourceTree = "<group>"; };
		0B6723C01C46CEE100AFE70F /* dataButton.m */ = {isa = PBXFileReference; fileEncoding = 4; lastKnownFileType = sourcecode.c.objc; path = dataButton.m; sourceTree = "<group>"; };
		0B6723C31C46CEE100AFE70F /* DGActivityIndicatorFiveDotsAnimation.h */ = {isa = PBXFileReference; fileEncoding = 4; lastKnownFileType = sourcecode.c.h; path = DGActivityIndicatorFiveDotsAnimation.h; sourceTree = "<group>"; };
		0B6723C41C46CEE100AFE70F /* DGActivityIndicatorFiveDotsAnimation.m */ = {isa = PBXFileReference; fileEncoding = 4; lastKnownFileType = sourcecode.c.objc; path = DGActivityIndicatorFiveDotsAnimation.m; sourceTree = "<group>"; };
		0B6723C51C46CEE100AFE70F /* DGActivityIndicatorAnimationProtocol.h */ = {isa = PBXFileReference; fileEncoding = 4; lastKnownFileType = sourcecode.c.h; path = DGActivityIndicatorAnimationProtocol.h; sourceTree = "<group>"; };
		0B6723C61C46CEE100AFE70F /* DGActivityIndicatorView.h */ = {isa = PBXFileReference; fileEncoding = 4; lastKnownFileType = sourcecode.c.h; path = DGActivityIndicatorView.h; sourceTree = "<group>"; };
		0B6723C71C46CEE100AFE70F /* DGActivityIndicatorView.m */ = {isa = PBXFileReference; fileEncoding = 4; lastKnownFileType = sourcecode.c.objc; path = DGActivityIndicatorView.m; sourceTree = "<group>"; };
		0B6723C81C46CEE100AFE70F /* EventsViewController.h */ = {isa = PBXFileReference; fileEncoding = 4; lastKnownFileType = sourcecode.c.h; path = EventsViewController.h; sourceTree = "<group>"; };
		0B6723C91C46CEE100AFE70F /* EventsViewController.m */ = {isa = PBXFileReference; fileEncoding = 4; lastKnownFileType = sourcecode.c.objc; path = EventsViewController.m; sourceTree = "<group>"; };
		0B6723CA1C46CEE100AFE70F /* EventViewController.h */ = {isa = PBXFileReference; fileEncoding = 4; lastKnownFileType = sourcecode.c.h; path = EventViewController.h; sourceTree = "<group>"; };
		0B6723CB1C46CEE100AFE70F /* EventViewController.m */ = {isa = PBXFileReference; fileEncoding = 4; lastKnownFileType = sourcecode.c.objc; path = EventViewController.m; sourceTree = "<group>"; };
		A019E9EE1C876F4800BD2ECB /* OTAudioDeviceManager.html */ = {isa = PBXFileReference; fileEncoding = 4; lastKnownFileType = text.html; path = OTAudioDeviceManager.html; sourceTree = "<group>"; };
		A019E9EF1C876F4800BD2ECB /* OTAudioFormat.html */ = {isa = PBXFileReference; fileEncoding = 4; lastKnownFileType = text.html; path = OTAudioFormat.html; sourceTree = "<group>"; };
		A019E9F01C876F4800BD2ECB /* OTConnection.html */ = {isa = PBXFileReference; fileEncoding = 4; lastKnownFileType = text.html; path = OTConnection.html; sourceTree = "<group>"; };
		A019E9F11C876F4800BD2ECB /* OTError.html */ = {isa = PBXFileReference; fileEncoding = 4; lastKnownFileType = text.html; path = OTError.html; sourceTree = "<group>"; };
		A019E9F21C876F4800BD2ECB /* OTPublisher.html */ = {isa = PBXFileReference; fileEncoding = 4; lastKnownFileType = text.html; path = OTPublisher.html; sourceTree = "<group>"; };
		A019E9F31C876F4800BD2ECB /* OTPublisherKit.html */ = {isa = PBXFileReference; fileEncoding = 4; lastKnownFileType = text.html; path = OTPublisherKit.html; sourceTree = "<group>"; };
		A019E9F41C876F4800BD2ECB /* OTSession.html */ = {isa = PBXFileReference; fileEncoding = 4; lastKnownFileType = text.html; path = OTSession.html; sourceTree = "<group>"; };
		A019E9F51C876F4800BD2ECB /* OTStream.html */ = {isa = PBXFileReference; fileEncoding = 4; lastKnownFileType = text.html; path = OTStream.html; sourceTree = "<group>"; };
		A019E9F61C876F4800BD2ECB /* OTSubscriber.html */ = {isa = PBXFileReference; fileEncoding = 4; lastKnownFileType = text.html; path = OTSubscriber.html; sourceTree = "<group>"; };
		A019E9F71C876F4800BD2ECB /* OTSubscriberKit.html */ = {isa = PBXFileReference; fileEncoding = 4; lastKnownFileType = text.html; path = OTSubscriberKit.html; sourceTree = "<group>"; };
		A019E9F81C876F4800BD2ECB /* OTSubscriberKitAudioNetworkStats.html */ = {isa = PBXFileReference; fileEncoding = 4; lastKnownFileType = text.html; path = OTSubscriberKitAudioNetworkStats.html; sourceTree = "<group>"; };
		A019E9F91C876F4800BD2ECB /* OTSubscriberKitVideoNetworkStats.html */ = {isa = PBXFileReference; fileEncoding = 4; lastKnownFileType = text.html; path = OTSubscriberKitVideoNetworkStats.html; sourceTree = "<group>"; };
		A019E9FA1C876F4800BD2ECB /* OTVideoFormat.html */ = {isa = PBXFileReference; fileEncoding = 4; lastKnownFileType = text.html; path = OTVideoFormat.html; sourceTree = "<group>"; };
		A019E9FB1C876F4800BD2ECB /* OTVideoFrame.html */ = {isa = PBXFileReference; fileEncoding = 4; lastKnownFileType = text.html; path = OTVideoFrame.html; sourceTree = "<group>"; };
		A019E9FD1C876F4800BD2ECB /* OTCameraCaptureFrameRate.html */ = {isa = PBXFileReference; fileEncoding = 4; lastKnownFileType = text.html; path = OTCameraCaptureFrameRate.html; sourceTree = "<group>"; };
		A019E9FE1C876F4800BD2ECB /* OTCameraCaptureResolution.html */ = {isa = PBXFileReference; fileEncoding = 4; lastKnownFileType = text.html; path = OTCameraCaptureResolution.html; sourceTree = "<group>"; };
		A019E9FF1C876F4800BD2ECB /* OTPixelFormat.html */ = {isa = PBXFileReference; fileEncoding = 4; lastKnownFileType = text.html; path = OTPixelFormat.html; sourceTree = "<group>"; };
		A019EA001C876F4800BD2ECB /* OTPublisherErrorCode.html */ = {isa = PBXFileReference; fileEncoding = 4; lastKnownFileType = text.html; path = OTPublisherErrorCode.html; sourceTree = "<group>"; };
		A019EA011C876F4800BD2ECB /* OTPublisherKitVideoType.html */ = {isa = PBXFileReference; fileEncoding = 4; lastKnownFileType = text.html; path = OTPublisherKitVideoType.html; sourceTree = "<group>"; };
		A019EA021C876F4800BD2ECB /* OTSessionConnectionStatus.html */ = {isa = PBXFileReference; fileEncoding = 4; lastKnownFileType = text.html; path = OTSessionConnectionStatus.html; sourceTree = "<group>"; };
		A019EA031C876F4800BD2ECB /* OTSessionErrorCode.html */ = {isa = PBXFileReference; fileEncoding = 4; lastKnownFileType = text.html; path = OTSessionErrorCode.html; sourceTree = "<group>"; };
		A019EA041C876F4800BD2ECB /* OTStreamVideoType.html */ = {isa = PBXFileReference; fileEncoding = 4; lastKnownFileType = text.html; path = OTStreamVideoType.html; sourceTree = "<group>"; };
		A019EA051C876F4800BD2ECB /* OTSubscriberErrorCode.html */ = {isa = PBXFileReference; fileEncoding = 4; lastKnownFileType = text.html; path = OTSubscriberErrorCode.html; sourceTree = "<group>"; };
		A019EA061C876F4800BD2ECB /* OTSubscriberVideoEventReason.html */ = {isa = PBXFileReference; fileEncoding = 4; lastKnownFileType = text.html; path = OTSubscriberVideoEventReason.html; sourceTree = "<group>"; };
		A019EA071C876F4800BD2ECB /* OTVideoOrientation.html */ = {isa = PBXFileReference; fileEncoding = 4; lastKnownFileType = text.html; path = OTVideoOrientation.html; sourceTree = "<group>"; };
		A019EA081C876F4800BD2ECB /* OTVideoViewScaleBehavior.html */ = {isa = PBXFileReference; fileEncoding = 4; lastKnownFileType = text.html; path = OTVideoViewScaleBehavior.html; sourceTree = "<group>"; };
		A019EA0B1C876F4800BD2ECB /* _index.scss */ = {isa = PBXFileReference; fileEncoding = 4; lastKnownFileType = text; path = _index.scss; sourceTree = "<group>"; };
		A019EA0C1C876F4800BD2ECB /* _layout.scss */ = {isa = PBXFileReference; fileEncoding = 4; lastKnownFileType = text; path = _layout.scss; sourceTree = "<group>"; };
		A019EA0D1C876F4800BD2ECB /* _normalize.scss */ = {isa = PBXFileReference; fileEncoding = 4; lastKnownFileType = text; path = _normalize.scss; sourceTree = "<group>"; };
		A019EA0E1C876F4900BD2ECB /* _object.scss */ = {isa = PBXFileReference; fileEncoding = 4; lastKnownFileType = text; path = _object.scss; sourceTree = "<group>"; };
		A019EA0F1C876F4900BD2ECB /* _print.scss */ = {isa = PBXFileReference; fileEncoding = 4; lastKnownFileType = text; path = _print.scss; sourceTree = "<group>"; };
		A019EA101C876F4900BD2ECB /* _variables.scss */ = {isa = PBXFileReference; fileEncoding = 4; lastKnownFileType = text; path = _variables.scss; sourceTree = "<group>"; };
		A019EA111C876F4900BD2ECB /* _xcode.scss */ = {isa = PBXFileReference; fileEncoding = 4; lastKnownFileType = text; path = _xcode.scss; sourceTree = "<group>"; };
		A019EA121C876F4900BD2ECB /* style.scss */ = {isa = PBXFileReference; fileEncoding = 4; lastKnownFileType = text; path = style.scss; sourceTree = "<group>"; };
		A019EA131C876F4900BD2ECB /* style.css */ = {isa = PBXFileReference; fileEncoding = 4; lastKnownFileType = text.css; path = style.css; sourceTree = "<group>"; };
		A019EA141C876F4900BD2ECB /* hierarchy.html */ = {isa = PBXFileReference; fileEncoding = 4; lastKnownFileType = text.html; path = hierarchy.html; sourceTree = "<group>"; };
		A019EA161C876F4900BD2ECB /* button_bar_background.png */ = {isa = PBXFileReference; lastKnownFileType = image.png; path = button_bar_background.png; sourceTree = "<group>"; };
		A019EA171C876F4900BD2ECB /* disclosure.png */ = {isa = PBXFileReference; lastKnownFileType = image.png; path = disclosure.png; sourceTree = "<group>"; };
		A019EA181C876F4900BD2ECB /* disclosure_open.png */ = {isa = PBXFileReference; lastKnownFileType = image.png; path = disclosure_open.png; sourceTree = "<group>"; };
		A019EA191C876F4900BD2ECB /* library_background.png */ = {isa = PBXFileReference; lastKnownFileType = image.png; path = library_background.png; sourceTree = "<group>"; };
		A019EA1A1C876F4900BD2ECB /* title_background.png */ = {isa = PBXFileReference; lastKnownFileType = image.png; path = title_background.png; sourceTree = "<group>"; };
		A019EA1B1C876F4900BD2ECB /* index.html */ = {isa = PBXFileReference; fileEncoding = 4; lastKnownFileType = text.html; path = index.html; sourceTree = "<group>"; };
		A019EA1D1C876F4900BD2ECB /* script.js */ = {isa = PBXFileReference; fileEncoding = 4; lastKnownFileType = sourcecode.javascript; path = script.js; sourceTree = "<group>"; };
		A019EA1F1C876F4900BD2ECB /* OTAudioBus.html */ = {isa = PBXFileReference; fileEncoding = 4; lastKnownFileType = text.html; path = OTAudioBus.html; sourceTree = "<group>"; };
		A019EA201C876F4900BD2ECB /* OTAudioDevice.html */ = {isa = PBXFileReference; fileEncoding = 4; lastKnownFileType = text.html; path = OTAudioDevice.html; sourceTree = "<group>"; };
		A019EA211C876F4900BD2ECB /* OTPublisherDelegate.html */ = {isa = PBXFileReference; fileEncoding = 4; lastKnownFileType = text.html; path = OTPublisherDelegate.html; sourceTree = "<group>"; };
		A019EA221C876F4900BD2ECB /* OTPublisherKitAudioLevelDelegate.html */ = {isa = PBXFileReference; fileEncoding = 4; lastKnownFileType = text.html; path = OTPublisherKitAudioLevelDelegate.html; sourceTree = "<group>"; };
		A019EA231C876F4900BD2ECB /* OTPublisherKitDelegate.html */ = {isa = PBXFileReference; fileEncoding = 4; lastKnownFileType = text.html; path = OTPublisherKitDelegate.html; sourceTree = "<group>"; };
		A019EA241C876F4900BD2ECB /* OTSessionDelegate.html */ = {isa = PBXFileReference; fileEncoding = 4; lastKnownFileType = text.html; path = OTSessionDelegate.html; sourceTree = "<group>"; };
		A019EA251C876F4900BD2ECB /* OTSubscriberDelegate.html */ = {isa = PBXFileReference; fileEncoding = 4; lastKnownFileType = text.html; path = OTSubscriberDelegate.html; sourceTree = "<group>"; };
		A019EA261C876F4900BD2ECB /* OTSubscriberKitAudioLevelDelegate.html */ = {isa = PBXFileReference; fileEncoding = 4; lastKnownFileType = text.html; path = OTSubscriberKitAudioLevelDelegate.html; sourceTree = "<group>"; };
		A019EA271C876F4900BD2ECB /* OTSubscriberKitDelegate.html */ = {isa = PBXFileReference; fileEncoding = 4; lastKnownFileType = text.html; path = OTSubscriberKitDelegate.html; sourceTree = "<group>"; };
		A019EA281C876F4900BD2ECB /* OTSubscriberKitNetworkStatsDelegate.html */ = {isa = PBXFileReference; fileEncoding = 4; lastKnownFileType = text.html; path = OTSubscriberKitNetworkStatsDelegate.html; sourceTree = "<group>"; };
		A019EA291C876F4900BD2ECB /* OTVideoCapture.html */ = {isa = PBXFileReference; fileEncoding = 4; lastKnownFileType = text.html; path = OTVideoCapture.html; sourceTree = "<group>"; };
		A019EA2A1C876F4900BD2ECB /* OTVideoCaptureConsumer.html */ = {isa = PBXFileReference; fileEncoding = 4; lastKnownFileType = text.html; path = OTVideoCaptureConsumer.html; sourceTree = "<group>"; };
		A019EA2B1C876F4900BD2ECB /* OTVideoRender.html */ = {isa = PBXFileReference; fileEncoding = 4; lastKnownFileType = text.html; path = OTVideoRender.html; sourceTree = "<group>"; };
		A019EA2C1C876F4900BD2ECB /* LICENSE */ = {isa = PBXFileReference; fileEncoding = 4; lastKnownFileType = text; path = LICENSE; sourceTree = "<group>"; };
		A019EA2D1C876F4900BD2ECB /* NOTICE */ = {isa = PBXFileReference; fileEncoding = 4; lastKnownFileType = text; path = NOTICE; sourceTree = "<group>"; };
		A019EA2E1C876F4900BD2ECB /* OpenTok.framework */ = {isa = PBXFileReference; lastKnownFileType = wrapper.framework; path = OpenTok.framework; sourceTree = "<group>"; };
		A019EA2F1C876F4900BD2ECB /* README.md */ = {isa = PBXFileReference; fileEncoding = 4; lastKnownFileType = net.daringfireball.markdown; path = README.md; sourceTree = "<group>"; };
		A019EA301C876F4900BD2ECB /* release-notes.md */ = {isa = PBXFileReference; fileEncoding = 4; lastKnownFileType = net.daringfireball.markdown; path = "release-notes.md"; sourceTree = "<group>"; };
		A019EA6E1C876FC100BD2ECB /* AudioToolbox.framework */ = {isa = PBXFileReference; lastKnownFileType = wrapper.framework; name = AudioToolbox.framework; path = System/Library/Frameworks/AudioToolbox.framework; sourceTree = SDKROOT; };
		A019EA6F1C876FC100BD2ECB /* AVFoundation.framework */ = {isa = PBXFileReference; lastKnownFileType = wrapper.framework; name = AVFoundation.framework; path = System/Library/Frameworks/AVFoundation.framework; sourceTree = SDKROOT; };
		A019EA701C876FC100BD2ECB /* CoreGraphics.framework */ = {isa = PBXFileReference; lastKnownFileType = wrapper.framework; name = CoreGraphics.framework; path = System/Library/Frameworks/CoreGraphics.framework; sourceTree = SDKROOT; };
		A019EA711C876FC100BD2ECB /* CoreMedia.framework */ = {isa = PBXFileReference; lastKnownFileType = wrapper.framework; name = CoreMedia.framework; path = System/Library/Frameworks/CoreMedia.framework; sourceTree = SDKROOT; };
		A019EA721C876FC100BD2ECB /* CoreTelephony.framework */ = {isa = PBXFileReference; lastKnownFileType = wrapper.framework; name = CoreTelephony.framework; path = System/Library/Frameworks/CoreTelephony.framework; sourceTree = SDKROOT; };
		A019EA731C876FC100BD2ECB /* CoreVideo.framework */ = {isa = PBXFileReference; lastKnownFileType = wrapper.framework; name = CoreVideo.framework; path = System/Library/Frameworks/CoreVideo.framework; sourceTree = SDKROOT; };
		A019EA741C876FC100BD2ECB /* Foundation.framework */ = {isa = PBXFileReference; lastKnownFileType = wrapper.framework; name = Foundation.framework; path = System/Library/Frameworks/Foundation.framework; sourceTree = SDKROOT; };
		A019EA751C876FC100BD2ECB /* GLKit.framework */ = {isa = PBXFileReference; lastKnownFileType = wrapper.framework; name = GLKit.framework; path = System/Library/Frameworks/GLKit.framework; sourceTree = SDKROOT; };
		A019EA761C876FC100BD2ECB /* libc++.tbd */ = {isa = PBXFileReference; lastKnownFileType = "sourcecode.text-based-dylib-definition"; name = "libc++.tbd"; path = "usr/lib/libc++.tbd"; sourceTree = SDKROOT; };
		A019EA771C876FC100BD2ECB /* libsqlite3.tbd */ = {isa = PBXFileReference; lastKnownFileType = "sourcecode.text-based-dylib-definition"; name = libsqlite3.tbd; path = usr/lib/libsqlite3.tbd; sourceTree = SDKROOT; };
		A019EA781C876FC100BD2ECB /* OpenGLES.framework */ = {isa = PBXFileReference; lastKnownFileType = wrapper.framework; name = OpenGLES.framework; path = System/Library/Frameworks/OpenGLES.framework; sourceTree = SDKROOT; };
		A019EA791C876FC100BD2ECB /* QuartzCore.framework */ = {isa = PBXFileReference; lastKnownFileType = wrapper.framework; name = QuartzCore.framework; path = System/Library/Frameworks/QuartzCore.framework; sourceTree = SDKROOT; };
		A019EA7A1C876FC100BD2ECB /* SystemConfiguration.framework */ = {isa = PBXFileReference; lastKnownFileType = wrapper.framework; name = SystemConfiguration.framework; path = System/Library/Frameworks/SystemConfiguration.framework; sourceTree = SDKROOT; };
		A019EA7B1C876FC100BD2ECB /* UIKit.framework */ = {isa = PBXFileReference; lastKnownFileType = wrapper.framework; name = UIKit.framework; path = System/Library/Frameworks/UIKit.framework; sourceTree = SDKROOT; };
		A019EA7C1C876FC100BD2ECB /* VideoToolbox.framework */ = {isa = PBXFileReference; lastKnownFileType = wrapper.framework; name = VideoToolbox.framework; path = System/Library/Frameworks/VideoToolbox.framework; sourceTree = SDKROOT; };
/* End PBXFileReference section */

/* Begin PBXFrameworksBuildPhase section */
		0B6723501C46CBF500AFE70F /* Frameworks */ = {
			isa = PBXFrameworksBuildPhase;
			buildActionMask = 2147483647;
			files = (
				A019EA7D1C876FC100BD2ECB /* AudioToolbox.framework in Frameworks */,
				A019EA7E1C876FC100BD2ECB /* AVFoundation.framework in Frameworks */,
				A019EA7F1C876FC100BD2ECB /* CoreGraphics.framework in Frameworks */,
				A019EA801C876FC100BD2ECB /* CoreMedia.framework in Frameworks */,
				A019EA811C876FC100BD2ECB /* CoreTelephony.framework in Frameworks */,
				A019EA821C876FC100BD2ECB /* CoreVideo.framework in Frameworks */,
				A019EA831C876FC100BD2ECB /* Foundation.framework in Frameworks */,
				A019EA841C876FC100BD2ECB /* GLKit.framework in Frameworks */,
				A019EA851C876FC100BD2ECB /* libc++.tbd in Frameworks */,
				A019EA861C876FC100BD2ECB /* libsqlite3.tbd in Frameworks */,
				A019EA871C876FC100BD2ECB /* OpenGLES.framework in Frameworks */,
				A019EA881C876FC100BD2ECB /* QuartzCore.framework in Frameworks */,
				A019EA891C876FC100BD2ECB /* SystemConfiguration.framework in Frameworks */,
				A019EA8A1C876FC100BD2ECB /* UIKit.framework in Frameworks */,
				A019EA8B1C876FC100BD2ECB /* VideoToolbox.framework in Frameworks */,
				A019EA6B1C876F4900BD2ECB /* OpenTok.framework in Frameworks */,
			);
			runOnlyForDeploymentPostprocessing = 0;
		};
/* End PBXFrameworksBuildPhase section */

/* Begin PBXGroup section */
		0B67234A1C46CBF500AFE70F = {
			isa = PBXGroup;
			children = (
				A019EA6E1C876FC100BD2ECB /* AudioToolbox.framework */,
				A019EA6F1C876FC100BD2ECB /* AVFoundation.framework */,
				A019EA701C876FC100BD2ECB /* CoreGraphics.framework */,
				A019EA711C876FC100BD2ECB /* CoreMedia.framework */,
				A019EA721C876FC100BD2ECB /* CoreTelephony.framework */,
				A019EA731C876FC100BD2ECB /* CoreVideo.framework */,
				A019EA741C876FC100BD2ECB /* Foundation.framework */,
				A019EA751C876FC100BD2ECB /* GLKit.framework */,
				A019EA761C876FC100BD2ECB /* libc++.tbd */,
				A019EA771C876FC100BD2ECB /* libsqlite3.tbd */,
				A019EA781C876FC100BD2ECB /* OpenGLES.framework */,
				A019EA791C876FC100BD2ECB /* QuartzCore.framework */,
				A019EA7A1C876FC100BD2ECB /* SystemConfiguration.framework */,
				A019EA7B1C876FC100BD2ECB /* UIKit.framework */,
				A019EA7C1C876FC100BD2ECB /* VideoToolbox.framework */,
				A019E9EA1C876F4800BD2ECB /* OpenTok-iOS-2.7.1 */,
				0B6723561C46CBF500AFE70F /* SpotlightKit */,
				0B6723551C46CBF500AFE70F /* Products */,
			);
			sourceTree = "<group>";
		};
		0B6723551C46CBF500AFE70F /* Products */ = {
			isa = PBXGroup;
			children = (
				0B6723541C46CBF500AFE70F /* SpotlightKit.framework */,
			);
			name = Products;
			sourceTree = "<group>";
		};
		0B6723561C46CBF500AFE70F /* SpotlightKit */ = {
			isa = PBXGroup;
			children = (
				0B67239C1C46CEE100AFE70F /* Alert.h */,
				0B67239D1C46CEE100AFE70F /* Alert.m */,
				0B67239E1C46CEE100AFE70F /* Assets */,
				0B6723BF1C46CEE100AFE70F /* dataButton.h */,
				0B6723C01C46CEE100AFE70F /* dataButton.m */,
				0B6723C11C46CEE100AFE70F /* DGActivityIndicatorView */,
				0B6723C81C46CEE100AFE70F /* EventsViewController.h */,
				0B6723C91C46CEE100AFE70F /* EventsViewController.m */,
				0B6723CA1C46CEE100AFE70F /* EventViewController.h */,
				0B6723CB1C46CEE100AFE70F /* EventViewController.m */,
				0B6723671C46CED700AFE70F /* MainSpotlightControllerViewController.h */,
				0B6723681C46CED700AFE70F /* MainSpotlightControllerViewController.m */,
				0B6723691C46CED700AFE70F /* OTKTextChat */,
				0B6723771C46CED700AFE70F /* Reachability.h */,
				0B6723781C46CED700AFE70F /* Reachability.m */,
				0B6723791C46CED700AFE70F /* SocketIO */,
				0B67237B1C46CED700AFE70F /* Source */,
				0B67237F1C46CED700AFE70F /* SpotlightApi.h */,
				0B6723801C46CED700AFE70F /* SpotlightApi.m */,
				0B67235F1C46CECA00AFE70F /* UIColor+AppAdditions.h */,
				0B6723601C46CECA00AFE70F /* UIColor+AppAdditions.m */,
				0B6723611C46CECA00AFE70F /* UIView+EasyAutoLayout.h */,
				0B6723621C46CECA00AFE70F /* UIView+EasyAutoLayout.m */,
				0B6723571C46CBF500AFE70F /* SpotlightKit.h */,
				0B6723591C46CBF500AFE70F /* Info.plist */,
			);
			path = SpotlightKit;
			sourceTree = "<group>";
		};
		0B6723691C46CED700AFE70F /* OTKTextChat */ = {
			isa = PBXGroup;
			children = (
				0B67236A1C46CED700AFE70F /* OTKTextChat.xcodeproj */,
				0B67236D1C46CED700AFE70F /* OTKTextChatFramework */,
				0B67236F1C46CED700AFE70F /* OTKTextChatLibrary */,
				0B6723761C46CED700AFE70F /* README.md */,
			);
			path = OTKTextChat;
			sourceTree = "<group>";
		};
		0B67236B1C46CED700AFE70F /* Products */ = {
			isa = PBXGroup;
			children = (
				0B6723971C46CED700AFE70F /* libOTKTextChat_library.a */,
				0B6723991C46CED700AFE70F /* OTKTextChatBundle.bundle */,
				0B67239B1C46CED700AFE70F /* OpenTokUI.framework */,
			);
			name = Products;
			sourceTree = "<group>";
		};
		0B67236D1C46CED700AFE70F /* OTKTextChatFramework */ = {
			isa = PBXGroup;
			children = (
				0B67236E1C46CED700AFE70F /* Info.plist */,
			);
			path = OTKTextChatFramework;
			sourceTree = "<group>";
		};
		0B67236F1C46CED700AFE70F /* OTKTextChatLibrary */ = {
			isa = PBXGroup;
			children = (
				0B6723701C46CED700AFE70F /* OTKTextChatComponent.h */,
				0B6723711C46CED700AFE70F /* OTKTextChatComponent.m */,
				0B6723721C46CED700AFE70F /* OTKTextChatTableViewCell.h */,
				0B6723731C46CED700AFE70F /* OTKTextChatTableViewCell.m */,
				0B6723741C46CED700AFE70F /* OTKTextChatView.h */,
				0B6723751C46CED700AFE70F /* OTKTextChatView.m */,
			);
			path = OTKTextChatLibrary;
			sourceTree = "<group>";
		};
		0B6723791C46CED700AFE70F /* SocketIO */ = {
			isa = PBXGroup;
			children = (
				0B67237A1C46CED700AFE70F /* Source */,
			);
			path = SocketIO;
			sourceTree = "<group>";
		};
		0B67237A1C46CED700AFE70F /* Source */ = {
			isa = PBXGroup;
			children = (
			);
			path = Source;
			sourceTree = "<group>";
		};
		0B67237B1C46CED700AFE70F /* Source */ = {
			isa = PBXGroup;
			children = (
				0B67237C1C46CED700AFE70F /* SIOSocket.h */,
				0B67237D1C46CED700AFE70F /* SIOSocket.m */,
				0B67237E1C46CED700AFE70F /* socket.io.js.h */,
			);
			path = Source;
			sourceTree = "<group>";
		};
		0B67239E1C46CEE100AFE70F /* Assets */ = {
			isa = PBXGroup;
			children = (
				0B67239F1C46CEE100AFE70F /* BackArrow-1.png */,
				0B6723A01C46CEE100AFE70F /* BackArrow-2.png */,
				0B6723A11C46CEE100AFE70F /* BackArrow.png */,
				0B6723A21C46CEE100AFE70F /* bg-graphic.png */,
				0B6723A31C46CEE100AFE70F /* EventCell.xib */,
				0B6723A41C46CEE100AFE70F /* EventsViewController.xib */,
				0B6723A51C46CEE100AFE70F /* EventViewController.xib */,
				0B6723A61C46CEE100AFE70F /* icon-bubble.png */,
				0B6723A71C46CEE100AFE70F /* icon-bubble@2x.png */,
				0B6723A81C46CEE100AFE70F /* icon-check-circle.png */,
				0B6723A91C46CEE100AFE70F /* icon-check-circle@2x.png */,
				0B6723AA1C46CEE100AFE70F /* icon-check.png */,
				0B6723AB1C46CEE100AFE70F /* icon-check@2x.png */,
				0B6723AC1C46CEE100AFE70F /* icon-close-circle.png */,
				0B6723AD1C46CEE100AFE70F /* icon-close-circle@2x.png */,
				0B6723AE1C46CEE100AFE70F /* icon-close.png */,
				0B6723AF1C46CEE100AFE70F /* icon-close@2x.png */,
				0B6723B01C46CEE100AFE70F /* icon_sendMsgArrow_052015.png */,
				0B6723B11C46CEE100AFE70F /* MainSpotlightControllerViewController.xib */,
				0B6723B21C46CEE100AFE70F /* MainSpotlightView.xib */,
				0B6723B31C46CEE100AFE70F /* Montserrat-Bold.ttf */,
				0B6723B41C46CEE100AFE70F /* Montserrat-Regular.ttf */,
				0B6723B51C46CEE100AFE70F /* OTKTextChatComponent.xib */,
				0B6723B61C46CEE100AFE70F /* OTKTextChatDivTableViewCell.xib */,
				0B6723B71C46CEE100AFE70F /* OTKTextChatRecvShortTableViewCell.xib */,
				0B6723B81C46CEE100AFE70F /* OTKTextChatRecvTableViewCell.xib */,
				0B6723B91C46CEE100AFE70F /* OTKTextChatSentShortTableViewCell.xib */,
				0B6723BA1C46CEE100AFE70F /* OTKTextChatSentTableViewCell.xib */,
				0B6723BB1C46CEE100AFE70F /* recv-arrow.png */,
				0B6723BC1C46CEE100AFE70F /* recv-arrow@2x.png */,
				0B6723BD1C46CEE100AFE70F /* sent-arrow.png */,
				0B6723BE1C46CEE100AFE70F /* sent-arrow@2x.png */,
			);
			path = Assets;
			sourceTree = "<group>";
		};
		0B6723C11C46CEE100AFE70F /* DGActivityIndicatorView */ = {
			isa = PBXGroup;
			children = (
				0B6723C21C46CEE100AFE70F /* Animations */,
				0B6723C51C46CEE100AFE70F /* DGActivityIndicatorAnimationProtocol.h */,
				0B6723C61C46CEE100AFE70F /* DGActivityIndicatorView.h */,
				0B6723C71C46CEE100AFE70F /* DGActivityIndicatorView.m */,
			);
			path = DGActivityIndicatorView;
			sourceTree = "<group>";
		};
		0B6723C21C46CEE100AFE70F /* Animations */ = {
			isa = PBXGroup;
			children = (
				0B6723C31C46CEE100AFE70F /* DGActivityIndicatorFiveDotsAnimation.h */,
				0B6723C41C46CEE100AFE70F /* DGActivityIndicatorFiveDotsAnimation.m */,
			);
			path = Animations;
			sourceTree = "<group>";
		};
		A019E9EA1C876F4800BD2ECB /* OpenTok-iOS-2.7.1 */ = {
			isa = PBXGroup;
			children = (
				A019E9EB1C876F4800BD2ECB /* doc */,
				A019EA2C1C876F4900BD2ECB /* LICENSE */,
				A019EA2D1C876F4900BD2ECB /* NOTICE */,
				A019EA2E1C876F4900BD2ECB /* OpenTok.framework */,
				A019EA2F1C876F4900BD2ECB /* README.md */,
				A019EA301C876F4900BD2ECB /* release-notes.md */,
			);
			path = "OpenTok-iOS-2.7.1";
			sourceTree = "<group>";
		};
		A019E9EB1C876F4800BD2ECB /* doc */ = {
			isa = PBXGroup;
			children = (
				A019E9EC1C876F4800BD2ECB /* html */,
			);
			path = doc;
			sourceTree = "<group>";
		};
		A019E9EC1C876F4800BD2ECB /* html */ = {
			isa = PBXGroup;
			children = (
				A019E9ED1C876F4800BD2ECB /* Classes */,
				A019E9FC1C876F4800BD2ECB /* Constants */,
				A019EA091C876F4800BD2ECB /* css */,
				A019EA141C876F4900BD2ECB /* hierarchy.html */,
				A019EA151C876F4900BD2ECB /* img */,
				A019EA1B1C876F4900BD2ECB /* index.html */,
				A019EA1C1C876F4900BD2ECB /* js */,
				A019EA1E1C876F4900BD2ECB /* Protocols */,
			);
			path = html;
			sourceTree = "<group>";
		};
		A019E9ED1C876F4800BD2ECB /* Classes */ = {
			isa = PBXGroup;
			children = (
				A019E9EE1C876F4800BD2ECB /* OTAudioDeviceManager.html */,
				A019E9EF1C876F4800BD2ECB /* OTAudioFormat.html */,
				A019E9F01C876F4800BD2ECB /* OTConnection.html */,
				A019E9F11C876F4800BD2ECB /* OTError.html */,
				A019E9F21C876F4800BD2ECB /* OTPublisher.html */,
				A019E9F31C876F4800BD2ECB /* OTPublisherKit.html */,
				A019E9F41C876F4800BD2ECB /* OTSession.html */,
				A019E9F51C876F4800BD2ECB /* OTStream.html */,
				A019E9F61C876F4800BD2ECB /* OTSubscriber.html */,
				A019E9F71C876F4800BD2ECB /* OTSubscriberKit.html */,
				A019E9F81C876F4800BD2ECB /* OTSubscriberKitAudioNetworkStats.html */,
				A019E9F91C876F4800BD2ECB /* OTSubscriberKitVideoNetworkStats.html */,
				A019E9FA1C876F4800BD2ECB /* OTVideoFormat.html */,
				A019E9FB1C876F4800BD2ECB /* OTVideoFrame.html */,
			);
			path = Classes;
			sourceTree = "<group>";
		};
		A019E9FC1C876F4800BD2ECB /* Constants */ = {
			isa = PBXGroup;
			children = (
				A019E9FD1C876F4800BD2ECB /* OTCameraCaptureFrameRate.html */,
				A019E9FE1C876F4800BD2ECB /* OTCameraCaptureResolution.html */,
				A019E9FF1C876F4800BD2ECB /* OTPixelFormat.html */,
				A019EA001C876F4800BD2ECB /* OTPublisherErrorCode.html */,
				A019EA011C876F4800BD2ECB /* OTPublisherKitVideoType.html */,
				A019EA021C876F4800BD2ECB /* OTSessionConnectionStatus.html */,
				A019EA031C876F4800BD2ECB /* OTSessionErrorCode.html */,
				A019EA041C876F4800BD2ECB /* OTStreamVideoType.html */,
				A019EA051C876F4800BD2ECB /* OTSubscriberErrorCode.html */,
				A019EA061C876F4800BD2ECB /* OTSubscriberVideoEventReason.html */,
				A019EA071C876F4800BD2ECB /* OTVideoOrientation.html */,
				A019EA081C876F4800BD2ECB /* OTVideoViewScaleBehavior.html */,
			);
			path = Constants;
			sourceTree = "<group>";
		};
		A019EA091C876F4800BD2ECB /* css */ = {
			isa = PBXGroup;
			children = (
				A019EA0A1C876F4800BD2ECB /* scss */,
				A019EA131C876F4900BD2ECB /* style.css */,
			);
			path = css;
			sourceTree = "<group>";
		};
		A019EA0A1C876F4800BD2ECB /* scss */ = {
			isa = PBXGroup;
			children = (
				A019EA0B1C876F4800BD2ECB /* _index.scss */,
				A019EA0C1C876F4800BD2ECB /* _layout.scss */,
				A019EA0D1C876F4800BD2ECB /* _normalize.scss */,
				A019EA0E1C876F4900BD2ECB /* _object.scss */,
				A019EA0F1C876F4900BD2ECB /* _print.scss */,
				A019EA101C876F4900BD2ECB /* _variables.scss */,
				A019EA111C876F4900BD2ECB /* _xcode.scss */,
				A019EA121C876F4900BD2ECB /* style.scss */,
			);
			path = scss;
			sourceTree = "<group>";
		};
		A019EA151C876F4900BD2ECB /* img */ = {
			isa = PBXGroup;
			children = (
				A019EA161C876F4900BD2ECB /* button_bar_background.png */,
				A019EA171C876F4900BD2ECB /* disclosure.png */,
				A019EA181C876F4900BD2ECB /* disclosure_open.png */,
				A019EA191C876F4900BD2ECB /* library_background.png */,
				A019EA1A1C876F4900BD2ECB /* title_background.png */,
			);
			path = img;
			sourceTree = "<group>";
		};
		A019EA1C1C876F4900BD2ECB /* js */ = {
			isa = PBXGroup;
			children = (
				A019EA1D1C876F4900BD2ECB /* script.js */,
			);
			path = js;
			sourceTree = "<group>";
		};
		A019EA1E1C876F4900BD2ECB /* Protocols */ = {
			isa = PBXGroup;
			children = (
				A019EA1F1C876F4900BD2ECB /* OTAudioBus.html */,
				A019EA201C876F4900BD2ECB /* OTAudioDevice.html */,
				A019EA211C876F4900BD2ECB /* OTPublisherDelegate.html */,
				A019EA221C876F4900BD2ECB /* OTPublisherKitAudioLevelDelegate.html */,
				A019EA231C876F4900BD2ECB /* OTPublisherKitDelegate.html */,
				A019EA241C876F4900BD2ECB /* OTSessionDelegate.html */,
				A019EA251C876F4900BD2ECB /* OTSubscriberDelegate.html */,
				A019EA261C876F4900BD2ECB /* OTSubscriberKitAudioLevelDelegate.html */,
				A019EA271C876F4900BD2ECB /* OTSubscriberKitDelegate.html */,
				A019EA281C876F4900BD2ECB /* OTSubscriberKitNetworkStatsDelegate.html */,
				A019EA291C876F4900BD2ECB /* OTVideoCapture.html */,
				A019EA2A1C876F4900BD2ECB /* OTVideoCaptureConsumer.html */,
				A019EA2B1C876F4900BD2ECB /* OTVideoRender.html */,
			);
			path = Protocols;
			sourceTree = "<group>";
		};
/* End PBXGroup section */

/* Begin PBXHeadersBuildPhase section */
		0B6723511C46CBF500AFE70F /* Headers */ = {
			isa = PBXHeadersBuildPhase;
			buildActionMask = 2147483647;
			files = (
				0B6723651C46CECA00AFE70F /* UIView+EasyAutoLayout.h in Headers */,
				0B6723901C46CED700AFE70F /* SpotlightApi.h in Headers */,
				0B6723F51C46CEE100AFE70F /* EventsViewController.h in Headers */,
				0B6723811C46CED700AFE70F /* MainSpotlightControllerViewController.h in Headers */,
				0B6723EE1C46CEE100AFE70F /* dataButton.h in Headers */,
				0B6723F71C46CEE100AFE70F /* EventViewController.h in Headers */,
				0B6723631C46CECA00AFE70F /* UIColor+AppAdditions.h in Headers */,
				0B6723861C46CED700AFE70F /* OTKTextChatTableViewCell.h in Headers */,
				0B6723F01C46CEE100AFE70F /* DGActivityIndicatorFiveDotsAnimation.h in Headers */,
				0B6723841C46CED700AFE70F /* OTKTextChatComponent.h in Headers */,
				0B67238F1C46CED700AFE70F /* socket.io.js.h in Headers */,
				0B67238D1C46CED700AFE70F /* SIOSocket.h in Headers */,
				0B6723581C46CBF500AFE70F /* SpotlightKit.h in Headers */,
				0B67238B1C46CED700AFE70F /* Reachability.h in Headers */,
				0B6723F21C46CEE100AFE70F /* DGActivityIndicatorAnimationProtocol.h in Headers */,
				0B6723CC1C46CEE100AFE70F /* Alert.h in Headers */,
				0B6723881C46CED700AFE70F /* OTKTextChatView.h in Headers */,
				0B6723F31C46CEE100AFE70F /* DGActivityIndicatorView.h in Headers */,
			);
			runOnlyForDeploymentPostprocessing = 0;
		};
/* End PBXHeadersBuildPhase section */

/* Begin PBXNativeTarget section */
		0B6723531C46CBF500AFE70F /* SpotlightKit */ = {
			isa = PBXNativeTarget;
			buildConfigurationList = 0B67235C1C46CBF500AFE70F /* Build configuration list for PBXNativeTarget "SpotlightKit" */;
			buildPhases = (
				0B67234F1C46CBF500AFE70F /* Sources */,
				0B6723501C46CBF500AFE70F /* Frameworks */,
				0B6723511C46CBF500AFE70F /* Headers */,
				0B6723521C46CBF500AFE70F /* Resources */,
			);
			buildRules = (
			);
			dependencies = (
			);
			name = SpotlightKit;
			productName = SpotlightKit;
			productReference = 0B6723541C46CBF500AFE70F /* SpotlightKit.framework */;
			productType = "com.apple.product-type.framework";
		};
/* End PBXNativeTarget section */

/* Begin PBXProject section */
		0B67234B1C46CBF500AFE70F /* Project object */ = {
			isa = PBXProject;
			attributes = {
				LastUpgradeCheck = 0720;
				ORGANIZATIONNAME = Tokbox;
				TargetAttributes = {
					0B6723531C46CBF500AFE70F = {
						CreatedOnToolsVersion = 7.2;
						DevelopmentTeam = 246HEUPQZ9;
					};
					A019EC3D1C8784B100BD2ECB = {
						CreatedOnToolsVersion = 7.2.1;
					};
				};
			};
			buildConfigurationList = 0B67234E1C46CBF500AFE70F /* Build configuration list for PBXProject "SpotlightKit" */;
			compatibilityVersion = "Xcode 3.2";
			developmentRegion = English;
			hasScannedForEncodings = 0;
			knownRegions = (
				en,
			);
			mainGroup = 0B67234A1C46CBF500AFE70F;
			productRefGroup = 0B6723551C46CBF500AFE70F /* Products */;
			projectDirPath = "";
			projectReferences = (
				{
					ProductGroup = 0B67236B1C46CED700AFE70F /* Products */;
					ProjectRef = 0B67236A1C46CED700AFE70F /* OTKTextChat.xcodeproj */;
				},
			);
			projectRoot = "";
			targets = (
				0B6723531C46CBF500AFE70F /* SpotlightKit */,
				A019EC3D1C8784B100BD2ECB /* BuildFramework */,
			);
		};
/* End PBXProject section */

/* Begin PBXReferenceProxy section */
		0B6723971C46CED700AFE70F /* libOTKTextChat_library.a */ = {
			isa = PBXReferenceProxy;
			fileType = archive.ar;
			path = libOTKTextChat_library.a;
			remoteRef = 0B6723961C46CED700AFE70F /* PBXContainerItemProxy */;
			sourceTree = BUILT_PRODUCTS_DIR;
		};
		0B6723991C46CED700AFE70F /* OTKTextChatBundle.bundle */ = {
			isa = PBXReferenceProxy;
			fileType = wrapper.cfbundle;
			path = OTKTextChatBundle.bundle;
			remoteRef = 0B6723981C46CED700AFE70F /* PBXContainerItemProxy */;
			sourceTree = BUILT_PRODUCTS_DIR;
		};
		0B67239B1C46CED700AFE70F /* OpenTokUI.framework */ = {
			isa = PBXReferenceProxy;
			fileType = wrapper.framework;
			path = OpenTokUI.framework;
			remoteRef = 0B67239A1C46CED700AFE70F /* PBXContainerItemProxy */;
			sourceTree = BUILT_PRODUCTS_DIR;
		};
/* End PBXReferenceProxy section */

/* Begin PBXResourcesBuildPhase section */
		0B6723521C46CBF500AFE70F /* Resources */ = {
			isa = PBXResourcesBuildPhase;
			buildActionMask = 2147483647;
			files = (
				0B6723E01C46CEE100AFE70F /* MainSpotlightControllerViewController.xib in Resources */,
				A019EA4F1C876F4900BD2ECB /* _print.scss in Resources */,
				0B6723DC1C46CEE100AFE70F /* icon-close-circle@2x.png in Resources */,
				A019EA551C876F4900BD2ECB /* button_bar_background.png in Resources */,
				A019EA571C876F4900BD2ECB /* disclosure_open.png in Resources */,
				A019EA631C876F4900BD2ECB /* OTSubscriberKitAudioLevelDelegate.html in Resources */,
				0B6723E31C46CEE100AFE70F /* Montserrat-Regular.ttf in Resources */,
				0B6723D81C46CEE100AFE70F /* icon-check-circle@2x.png in Resources */,
				0B6723D01C46CEE100AFE70F /* BackArrow.png in Resources */,
				A019EA4D1C876F4900BD2ECB /* _normalize.scss in Resources */,
				A019EA511C876F4900BD2ECB /* _xcode.scss in Resources */,
				0B6723DA1C46CEE100AFE70F /* icon-check@2x.png in Resources */,
				0B6723E81C46CEE100AFE70F /* OTKTextChatSentShortTableViewCell.xib in Resources */,
				A019EA3F1C876F4900BD2ECB /* OTCameraCaptureFrameRate.html in Resources */,
				A019EA461C876F4900BD2ECB /* OTStreamVideoType.html in Resources */,
				A019EA481C876F4900BD2ECB /* OTSubscriberVideoEventReason.html in Resources */,
				A019EA531C876F4900BD2ECB /* style.css in Resources */,
				A019EA5C1C876F4900BD2ECB /* OTAudioBus.html in Resources */,
				A019EA471C876F4900BD2ECB /* OTSubscriberErrorCode.html in Resources */,
				0B6723DE1C46CEE100AFE70F /* icon-close@2x.png in Resources */,
				A019EA4B1C876F4900BD2ECB /* _index.scss in Resources */,
				A019EA321C876F4900BD2ECB /* OTAudioFormat.html in Resources */,
				A019EA681C876F4900BD2ECB /* OTVideoRender.html in Resources */,
				A019EA5E1C876F4900BD2ECB /* OTPublisherDelegate.html in Resources */,
				A019EA691C876F4900BD2ECB /* LICENSE in Resources */,
				0B6723E41C46CEE100AFE70F /* OTKTextChatComponent.xib in Resources */,
				A019EA3C1C876F4900BD2ECB /* OTSubscriberKitVideoNetworkStats.html in Resources */,
				A019EA521C876F4900BD2ECB /* style.scss in Resources */,
				0B6723D41C46CEE100AFE70F /* EventViewController.xib in Resources */,
				A019EA4C1C876F4900BD2ECB /* _layout.scss in Resources */,
				A019EA5B1C876F4900BD2ECB /* script.js in Resources */,
				A019EA401C876F4900BD2ECB /* OTCameraCaptureResolution.html in Resources */,
				0B6723E91C46CEE100AFE70F /* OTKTextChatSentTableViewCell.xib in Resources */,
				0B6723D31C46CEE100AFE70F /* EventsViewController.xib in Resources */,
				A019EA451C876F4900BD2ECB /* OTSessionErrorCode.html in Resources */,
				A019EA441C876F4900BD2ECB /* OTSessionConnectionStatus.html in Resources */,
				0B6723D91C46CEE100AFE70F /* icon-check.png in Resources */,
				A019EA491C876F4900BD2ECB /* OTVideoOrientation.html in Resources */,
				A019EA431C876F4900BD2ECB /* OTPublisherKitVideoType.html in Resources */,
				0B6723DB1C46CEE100AFE70F /* icon-close-circle.png in Resources */,
				A019EA4E1C876F4900BD2ECB /* _object.scss in Resources */,
				0B6723D71C46CEE100AFE70F /* icon-check-circle.png in Resources */,
				A019EA671C876F4900BD2ECB /* OTVideoCaptureConsumer.html in Resources */,
				A019EA611C876F4900BD2ECB /* OTSessionDelegate.html in Resources */,
				0B6723D51C46CEE100AFE70F /* icon-bubble.png in Resources */,
				A019EA651C876F4900BD2ECB /* OTSubscriberKitNetworkStatsDelegate.html in Resources */,
				0B6723D11C46CEE100AFE70F /* bg-graphic.png in Resources */,
				A019EA351C876F4900BD2ECB /* OTPublisher.html in Resources */,
				A019EA391C876F4900BD2ECB /* OTSubscriber.html in Resources */,
				A019EA361C876F4900BD2ECB /* OTPublisherKit.html in Resources */,
				0B6723E51C46CEE100AFE70F /* OTKTextChatDivTableViewCell.xib in Resources */,
				0B6723DD1C46CEE100AFE70F /* icon-close.png in Resources */,
				A019EA561C876F4900BD2ECB /* disclosure.png in Resources */,
				A019EA501C876F4900BD2ECB /* _variables.scss in Resources */,
				0B6723EC1C46CEE100AFE70F /* sent-arrow.png in Resources */,
				A019EA591C876F4900BD2ECB /* title_background.png in Resources */,
				0B6723CF1C46CEE100AFE70F /* BackArrow-2.png in Resources */,
				0B6723E11C46CEE100AFE70F /* MainSpotlightView.xib in Resources */,
				A019EA3E1C876F4900BD2ECB /* OTVideoFrame.html in Resources */,
				A019EA331C876F4900BD2ECB /* OTConnection.html in Resources */,
				A019EA5F1C876F4900BD2ECB /* OTPublisherKitAudioLevelDelegate.html in Resources */,
				0B6723CE1C46CEE100AFE70F /* BackArrow-1.png in Resources */,
				A019EA3A1C876F4900BD2ECB /* OTSubscriberKit.html in Resources */,
				0B6723D61C46CEE100AFE70F /* icon-bubble@2x.png in Resources */,
				0B6723ED1C46CEE100AFE70F /* sent-arrow@2x.png in Resources */,
				0B6723D21C46CEE100AFE70F /* EventCell.xib in Resources */,
				A019EA661C876F4900BD2ECB /* OTVideoCapture.html in Resources */,
				A019EA4A1C876F4900BD2ECB /* OTVideoViewScaleBehavior.html in Resources */,
				A019EA311C876F4900BD2ECB /* OTAudioDeviceManager.html in Resources */,
				A019EA3D1C876F4900BD2ECB /* OTVideoFormat.html in Resources */,
				0B6723EB1C46CEE100AFE70F /* recv-arrow@2x.png in Resources */,
				A019EA5A1C876F4900BD2ECB /* index.html in Resources */,
				A019EA411C876F4900BD2ECB /* OTPixelFormat.html in Resources */,
				A019EA5D1C876F4900BD2ECB /* OTAudioDevice.html in Resources */,
				A019EA641C876F4900BD2ECB /* OTSubscriberKitDelegate.html in Resources */,
				A019EA581C876F4900BD2ECB /* library_background.png in Resources */,
				A019EA381C876F4900BD2ECB /* OTStream.html in Resources */,
				A019EA601C876F4900BD2ECB /* OTPublisherKitDelegate.html in Resources */,
				A019EA6A1C876F4900BD2ECB /* NOTICE in Resources */,
				A019EA541C876F4900BD2ECB /* hierarchy.html in Resources */,
				A019EA371C876F4900BD2ECB /* OTSession.html in Resources */,
				A019EA341C876F4900BD2ECB /* OTError.html in Resources */,
				0B6723E61C46CEE100AFE70F /* OTKTextChatRecvShortTableViewCell.xib in Resources */,
				0B6723EA1C46CEE100AFE70F /* recv-arrow.png in Resources */,
				A019EA621C876F4900BD2ECB /* OTSubscriberDelegate.html in Resources */,
				0B6723E71C46CEE100AFE70F /* OTKTextChatRecvTableViewCell.xib in Resources */,
				A019EA421C876F4900BD2ECB /* OTPublisherErrorCode.html in Resources */,
				0B6723DF1C46CEE100AFE70F /* icon_sendMsgArrow_052015.png in Resources */,
				0B6723E21C46CEE100AFE70F /* Montserrat-Bold.ttf in Resources */,
				A019EA3B1C876F4900BD2ECB /* OTSubscriberKitAudioNetworkStats.html in Resources */,
				0B6723831C46CED700AFE70F /* Info.plist in Resources */,
			);
			runOnlyForDeploymentPostprocessing = 0;
		};
/* End PBXResourcesBuildPhase section */

/* Begin PBXShellScriptBuildPhase section */
		A019EC411C8784B500BD2ECB /* ShellScript */ = {
			isa = PBXShellScriptBuildPhase;
			buildActionMask = 2147483647;
			files = (
			);
			inputPaths = (
			);
			outputPaths = (
			);
			runOnlyForDeploymentPostprocessing = 0;
			shellPath = /bin/sh;
			shellScript = "# Merge Script\n\n# 1\n# Set bash script to exit immediately if any commands fail.\nset -e\n\n# 2\n# Setup some constants for use later on.\nFRAMEWORK_NAME=\"SpotlightKit\"\n\n# 3\n# If remnants from a previous build exist, delete them.\nif [ -d \"${SRCROOT}/build\" ]; then\nrm -rf \"${SRCROOT}/build\"\nfi\n\n# 4\n# Build the framework for device and for simulator (using\n# all needed architectures).\nxcodebuild -target \"${FRAMEWORK_NAME}\" -configuration Release -arch arm64 -arch armv7 -arch armv7s only_active_arch=no defines_module=yes -sdk \"iphoneos\"\nxcodebuild -target \"${FRAMEWORK_NAME}\" -configuration Release -arch x86_64 -arch i386 only_active_arch=no defines_module=yes -sdk \"iphonesimulator\"\n\n# 5\n# Remove .framework file if exists on Desktop from previous run.\nif [ -d \"${HOME}/Desktop/${FRAMEWORK_NAME}.framework\" ]; then\nrm -rf \"${HOME}/Desktop/${FRAMEWORK_NAME}.framework\"\nfi\n\n# 6\n# Copy the device version of framework to Desktop.\ncp -r \"${SRCROOT}/build/Release-iphoneos/${FRAMEWORK_NAME}.framework\" \"${HOME}/Desktop/${FRAMEWORK_NAME}.framework\"\n\n# 7\n# Replace the framework executable within the framework with\n# a new version created by merging the device and simulator\n# frameworks' executables with lipo.\nlipo -create -output \"${HOME}/Desktop/${FRAMEWORK_NAME}.framework/${FRAMEWORK_NAME}\" \"${SRCROOT}/build/Release-iphoneos/${FRAMEWORK_NAME}.framework/${FRAMEWORK_NAME}\" \"${SRCROOT}/build/Release-iphonesimulator/${FRAMEWORK_NAME}.framework/${FRAMEWORK_NAME}\"\n\n# 8\n# Copy the Swift module mappings for the simulator into the\n# framework.  The device mappings already exist from step 6.\n#cp -r \"${SRCROOT}/build/Release-iphonesimulator/${FRAMEWORK_NAME}.framework/Modules/${FRAMEWORK_NAME}.swiftmodule/\" \"${HOME}/Desktop/${FRAMEWORK_NAME}.framework/Modules/${FRAMEWORK_NAME}.swiftmodule\"\n\n# 9\n# Delete the most recent build.\nif [ -d \"${SRCROOT}/build\" ]; then\nrm -rf \"${SRCROOT}/build\"\nfi";
		};
/* End PBXShellScriptBuildPhase section */

/* Begin PBXSourcesBuildPhase section */
		0B67234F1C46CBF500AFE70F /* Sources */ = {
			isa = PBXSourcesBuildPhase;
			buildActionMask = 2147483647;
			files = (
				0B6723641C46CECA00AFE70F /* UIColor+AppAdditions.m in Sources */,
				0B6723F81C46CEE100AFE70F /* EventViewController.m in Sources */,
				A019EA6D1C876F4900BD2ECB /* release-notes.md in Sources */,
				0B6723F61C46CEE100AFE70F /* EventsViewController.m in Sources */,
				0B6723EF1C46CEE100AFE70F /* dataButton.m in Sources */,
				0B6723911C46CED700AFE70F /* SpotlightApi.m in Sources */,
				0B6723871C46CED700AFE70F /* OTKTextChatTableViewCell.m in Sources */,
				0B6723CD1C46CEE100AFE70F /* Alert.m in Sources */,
				0B67238C1C46CED700AFE70F /* Reachability.m in Sources */,
				0B6723661C46CECA00AFE70F /* UIView+EasyAutoLayout.m in Sources */,
				0B6723F11C46CEE100AFE70F /* DGActivityIndicatorFiveDotsAnimation.m in Sources */,
				0B6723F41C46CEE100AFE70F /* DGActivityIndicatorView.m in Sources */,
				A019EA6C1C876F4900BD2ECB /* README.md in Sources */,
				0B67238A1C46CED700AFE70F /* README.md in Sources */,
				0B6723821C46CED700AFE70F /* MainSpotlightControllerViewController.m in Sources */,
				0B6723891C46CED700AFE70F /* OTKTextChatView.m in Sources */,
				0B67238E1C46CED700AFE70F /* SIOSocket.m in Sources */,
				0B6723851C46CED700AFE70F /* OTKTextChatComponent.m in Sources */,
			);
			runOnlyForDeploymentPostprocessing = 0;
		};
/* End PBXSourcesBuildPhase section */

/* Begin XCBuildConfiguration section */
		0B67235A1C46CBF500AFE70F /* Debug */ = {
			isa = XCBuildConfiguration;
			buildSettings = {
				ALWAYS_SEARCH_USER_PATHS = NO;
				CLANG_CXX_LANGUAGE_STANDARD = "gnu++0x";
				CLANG_CXX_LIBRARY = "libc++";
				CLANG_ENABLE_MODULES = YES;
				CLANG_ENABLE_OBJC_ARC = YES;
				CLANG_WARN_BOOL_CONVERSION = YES;
				CLANG_WARN_CONSTANT_CONVERSION = YES;
				CLANG_WARN_DIRECT_OBJC_ISA_USAGE = YES_ERROR;
				CLANG_WARN_EMPTY_BODY = YES;
				CLANG_WARN_ENUM_CONVERSION = YES;
				CLANG_WARN_INT_CONVERSION = YES;
				CLANG_WARN_OBJC_ROOT_CLASS = YES_ERROR;
				CLANG_WARN_UNREACHABLE_CODE = YES;
				CLANG_WARN__DUPLICATE_METHOD_MATCH = YES;
				"CODE_SIGN_IDENTITY[sdk=iphoneos*]" = "iPhone Developer";
				COPY_PHASE_STRIP = NO;
				CURRENT_PROJECT_VERSION = 1;
				DEBUG_INFORMATION_FORMAT = dwarf;
				ENABLE_STRICT_OBJC_MSGSEND = YES;
				ENABLE_TESTABILITY = YES;
				GCC_C_LANGUAGE_STANDARD = gnu99;
				GCC_DYNAMIC_NO_PIC = NO;
				GCC_NO_COMMON_BLOCKS = YES;
				GCC_OPTIMIZATION_LEVEL = 0;
				GCC_PREPROCESSOR_DEFINITIONS = (
					"DEBUG=1",
					"$(inherited)",
				);
				GCC_WARN_64_TO_32_BIT_CONVERSION = YES;
				GCC_WARN_ABOUT_RETURN_TYPE = YES_ERROR;
				GCC_WARN_UNDECLARED_SELECTOR = YES;
				GCC_WARN_UNINITIALIZED_AUTOS = YES_AGGRESSIVE;
				GCC_WARN_UNUSED_FUNCTION = YES;
				GCC_WARN_UNUSED_VARIABLE = YES;
				IPHONEOS_DEPLOYMENT_TARGET = 9.2;
				MTL_ENABLE_DEBUG_INFO = YES;
				ONLY_ACTIVE_ARCH = YES;
				SDKROOT = iphoneos;
				TARGETED_DEVICE_FAMILY = "1,2";
				VERSIONING_SYSTEM = "apple-generic";
				VERSION_INFO_PREFIX = "";
			};
			name = Debug;
		};
		0B67235B1C46CBF500AFE70F /* Release */ = {
			isa = XCBuildConfiguration;
			buildSettings = {
				ALWAYS_SEARCH_USER_PATHS = NO;
				CLANG_CXX_LANGUAGE_STANDARD = "gnu++0x";
				CLANG_CXX_LIBRARY = "libc++";
				CLANG_ENABLE_MODULES = YES;
				CLANG_ENABLE_OBJC_ARC = YES;
				CLANG_WARN_BOOL_CONVERSION = YES;
				CLANG_WARN_CONSTANT_CONVERSION = YES;
				CLANG_WARN_DIRECT_OBJC_ISA_USAGE = YES_ERROR;
				CLANG_WARN_EMPTY_BODY = YES;
				CLANG_WARN_ENUM_CONVERSION = YES;
				CLANG_WARN_INT_CONVERSION = YES;
				CLANG_WARN_OBJC_ROOT_CLASS = YES_ERROR;
				CLANG_WARN_UNREACHABLE_CODE = YES;
				CLANG_WARN__DUPLICATE_METHOD_MATCH = YES;
				"CODE_SIGN_IDENTITY[sdk=iphoneos*]" = "iPhone Developer";
				COPY_PHASE_STRIP = NO;
				CURRENT_PROJECT_VERSION = 1;
				DEBUG_INFORMATION_FORMAT = "dwarf-with-dsym";
				ENABLE_NS_ASSERTIONS = NO;
				ENABLE_STRICT_OBJC_MSGSEND = YES;
				GCC_C_LANGUAGE_STANDARD = gnu99;
				GCC_NO_COMMON_BLOCKS = YES;
				GCC_WARN_64_TO_32_BIT_CONVERSION = YES;
				GCC_WARN_ABOUT_RETURN_TYPE = YES_ERROR;
				GCC_WARN_UNDECLARED_SELECTOR = YES;
				GCC_WARN_UNINITIALIZED_AUTOS = YES_AGGRESSIVE;
				GCC_WARN_UNUSED_FUNCTION = YES;
				GCC_WARN_UNUSED_VARIABLE = YES;
				IPHONEOS_DEPLOYMENT_TARGET = 9.2;
				MTL_ENABLE_DEBUG_INFO = NO;
				SDKROOT = iphoneos;
				TARGETED_DEVICE_FAMILY = "1,2";
				VALIDATE_PRODUCT = YES;
				VERSIONING_SYSTEM = "apple-generic";
				VERSION_INFO_PREFIX = "";
			};
			name = Release;
		};
		0B67235D1C46CBF500AFE70F /* Debug */ = {
			isa = XCBuildConfiguration;
			buildSettings = {
				CODE_SIGN_IDENTITY = "iPhone Developer";
				DEFINES_MODULE = YES;
				DYLIB_COMPATIBILITY_VERSION = 1;
				DYLIB_CURRENT_VERSION = 1;
				DYLIB_INSTALL_NAME_BASE = "@rpath";
				FRAMEWORK_SEARCH_PATHS = (
					"$(inherited)",
					"$(PROJECT_DIR)/OpenTok-iOS-2.7.1",
				);
				INFOPLIST_FILE = SpotlightKit/Info.plist;
				INSTALL_PATH = "$(LOCAL_LIBRARY_DIR)/Frameworks";
				IPHONEOS_DEPLOYMENT_TARGET = 8.0;
				LD_RUNPATH_SEARCH_PATHS = "$(inherited) @executable_path/Frameworks @loader_path/Frameworks";
				PRODUCT_BUNDLE_IDENTIFIER = com.agilityfeat.SpotlightKit;
				PRODUCT_NAME = "$(TARGET_NAME)";
				SKIP_INSTALL = YES;
			};
			name = Debug;
		};
		0B67235E1C46CBF500AFE70F /* Release */ = {
			isa = XCBuildConfiguration;
			buildSettings = {
				CODE_SIGN_IDENTITY = "iPhone Developer";
				DEFINES_MODULE = YES;
				DYLIB_COMPATIBILITY_VERSION = 1;
				DYLIB_CURRENT_VERSION = 1;
				DYLIB_INSTALL_NAME_BASE = "@rpath";
				FRAMEWORK_SEARCH_PATHS = (
					"$(inherited)",
					"$(PROJECT_DIR)/OpenTok-iOS-2.7.1",
				);
				INFOPLIST_FILE = SpotlightKit/Info.plist;
				INSTALL_PATH = "$(LOCAL_LIBRARY_DIR)/Frameworks";
				IPHONEOS_DEPLOYMENT_TARGET = 8.0;
				LD_RUNPATH_SEARCH_PATHS = "$(inherited) @executable_path/Frameworks @loader_path/Frameworks";
				PRODUCT_BUNDLE_IDENTIFIER = com.agilityfeat.SpotlightKit;
				PRODUCT_NAME = "$(TARGET_NAME)";
				SKIP_INSTALL = YES;
			};
			name = Release;
		};
		A019EC3E1C8784B200BD2ECB /* Debug */ = {
			isa = XCBuildConfiguration;
			buildSettings = {
				PRODUCT_NAME = "$(TARGET_NAME)";
			};
			name = Debug;
		};
		A019EC3F1C8784B200BD2ECB /* Release */ = {
			isa = XCBuildConfiguration;
			buildSettings = {
				PRODUCT_NAME = "$(TARGET_NAME)";
			};
			name = Release;
		};
/* End XCBuildConfiguration section */

/* Begin XCConfigurationList section */
		0B67234E1C46CBF500AFE70F /* Build configuration list for PBXProject "SpotlightKit" */ = {
			isa = XCConfigurationList;
			buildConfigurations = (
				0B67235A1C46CBF500AFE70F /* Debug */,
				0B67235B1C46CBF500AFE70F /* Release */,
			);
			defaultConfigurationIsVisible = 0;
			defaultConfigurationName = Release;
		};
		0B67235C1C46CBF500AFE70F /* Build configuration list for PBXNativeTarget "SpotlightKit" */ = {
			isa = XCConfigurationList;
			buildConfigurations = (
				0B67235D1C46CBF500AFE70F /* Debug */,
				0B67235E1C46CBF500AFE70F /* Release */,
			);
			defaultConfigurationIsVisible = 0;
			defaultConfigurationName = Release;
		};
		A019EC401C8784B200BD2ECB /* Build configuration list for PBXAggregateTarget "BuildFramework" */ = {
			isa = XCConfigurationList;
			buildConfigurations = (
				A019EC3E1C8784B200BD2ECB /* Debug */,
				A019EC3F1C8784B200BD2ECB /* Release */,
			);
			defaultConfigurationIsVisible = 0;
			defaultConfigurationName = Release;
		};
/* End XCConfigurationList section */
	};
	rootObject = 0B67234B1C46CBF500AFE70F /* Project object */;
}
